
Microsoft Visual Studio Solution File, Format Version 12.00
# Visual Studio 2012
Project("{FAE04EC0-301F-11D3-BF4B-00C04F79EFBC}") = "Toggl.Ultrawave", "Toggl.Ultrawave\Toggl.Ultrawave.csproj", "{B4E4943F-0574-4BEF-9ADC-B19102458754}"
EndProject
Project("{FAE04EC0-301F-11D3-BF4B-00C04F79EFBC}") = "Toggl.Ultrawave.Tests.Integration", "Toggl.Ultrawave.Tests.Integration\Toggl.Ultrawave.Tests.Integration.csproj", "{E5BC11C5-5C7A-4C9F-A84B-781FA3378A4A}"
EndProject
Project("{FAE04EC0-301F-11D3-BF4B-00C04F79EFBC}") = "Toggl.Ultrawave.Tests", "Toggl.Ultrawave.Tests\Toggl.Ultrawave.Tests.csproj", "{E3D8D6E7-22D8-414C-89E0-DD721A70D256}"
EndProject
Project("{FAE04EC0-301F-11D3-BF4B-00C04F79EFBC}") = "Toggl.Multivac", "Toggl.Multivac\Toggl.Multivac.csproj", "{4A9CF7CD-8EB4-435D-958B-98A9FFC14876}"
EndProject
Project("{2150E333-8FDC-42A3-9474-1A3956D46DE8}") = "Daneel", "Daneel", "{4796CD10-F5B5-4843-AD7A-2691438E5A6C}"
EndProject
Project("{2150E333-8FDC-42A3-9474-1A3956D46DE8}") = "Ultrawave", "Ultrawave", "{0BA4407E-0470-4496-A80B-DE311A40A385}"
EndProject
Project("{FAE04EC0-301F-11D3-BF4B-00C04F79EFBC}") = "Toggl.PrimeRadiant", "Toggl.PrimeRadiant\Toggl.PrimeRadiant.csproj", "{84D4A3E2-A25F-4FEF-B4AA-332DFB2A842D}"
EndProject
Project("{FAE04EC0-301F-11D3-BF4B-00C04F79EFBC}") = "Toggl.PrimeRadiant.Tests", "Toggl.PrimeRadiant.Tests\Toggl.PrimeRadiant.Tests.csproj", "{F19A3447-A5D9-4057-935C-5938B9827C9C}"
EndProject
Project("{2150E333-8FDC-42A3-9474-1A3956D46DE8}") = "PrimeRadiant", "PrimeRadiant", "{F8D36062-5AD3-4F2D-8E64-9ACB91C0BB50}"
EndProject
Project("{2150E333-8FDC-42A3-9474-1A3956D46DE8}") = "Foundation", "Foundation", "{B55DCFC1-9EA2-4289-B3EE-8979E0A9AB2E}"
EndProject
Project("{FAE04EC0-301F-11D3-BF4B-00C04F79EFBC}") = "Toggl.Foundation", "Toggl.Foundation\Toggl.Foundation.csproj", "{7BFE4787-4B5E-4C04-A78E-FA89C187FC3A}"
EndProject
Project("{FAE04EC0-301F-11D3-BF4B-00C04F79EFBC}") = "Toggl.Foundation.Tests", "Toggl.Foundation.Tests\Toggl.Foundation.Tests.csproj", "{A50E5760-3BB6-4BE9-813E-A6056B5949F8}"
EndProject
Project("{FAE04EC0-301F-11D3-BF4B-00C04F79EFBC}") = "Toggl.Daneel", "Toggl.Daneel\Toggl.Daneel.csproj", "{8CE4E64C-5719-4660-96AC-CF2ABA3A335E}"
EndProject
Project("{FAE04EC0-301F-11D3-BF4B-00C04F79EFBC}") = "Toggl.Daneel.Tests.UI", "Toggl.Daneel.Tests.UI\Toggl.Daneel.Tests.UI.csproj", "{C23A5DDD-D0EA-4198-88A0-89A43EBF67B6}"
EndProject
Project("{FAE04EC0-301F-11D3-BF4B-00C04F79EFBC}") = "Toggl.PrimeRadiant.Realm", "Toggl.PrimeRadiant.Realm\Toggl.PrimeRadiant.Realm.csproj", "{64A8727E-5D39-4EFB-80FA-4510147796BB}"
EndProject
Project("{FAE04EC0-301F-11D3-BF4B-00C04F79EFBC}") = "Toggl.Foundation.MvvmCross", "Toggl.Foundation.MvvmCross\Toggl.Foundation.MvvmCross.csproj", "{B3FDFBF3-8D73-478F-B10E-9843C8613C87}"
EndProject
Project("{2150E333-8FDC-42A3-9474-1A3956D46DE8}") = "Multivac", "Multivac", "{128F799A-3060-4D72-9F14-93620F25E5E3}"
EndProject
Project("{FAE04EC0-301F-11D3-BF4B-00C04F79EFBC}") = "Toggl.Multivac.Tests", "Toggl.Multivac.Tests\Toggl.Multivac.Tests.csproj", "{DEAB771F-ED46-4A27-AD25-F26723820F93}"
EndProject
Global
	GlobalSection(SolutionConfigurationPlatforms) = preSolution
		Debug|Any CPU = Debug|Any CPU
		Release|Any CPU = Release|Any CPU
		Debug|iPhoneSimulator = Debug|iPhoneSimulator
		Release|iPhone = Release|iPhone
		Release|iPhoneSimulator = Release|iPhoneSimulator
		Debug|iPhone = Debug|iPhone
		UnitTests|Any CPU = UnitTests|Any CPU
		ApiTests|Any CPU = ApiTests|Any CPU
		Release.AppStore|Any CPU = Release.AppStore|Any CPU
		Release.TestFlight|Any CPU = Release.TestFlight|Any CPU
	EndGlobalSection
	GlobalSection(ProjectConfigurationPlatforms) = postSolution
		{B4E4943F-0574-4BEF-9ADC-B19102458754}.Debug|Any CPU.ActiveCfg = Debug|Any CPU
		{B4E4943F-0574-4BEF-9ADC-B19102458754}.Debug|Any CPU.Build.0 = Debug|Any CPU
		{B4E4943F-0574-4BEF-9ADC-B19102458754}.Release|Any CPU.ActiveCfg = Release|Any CPU
		{B4E4943F-0574-4BEF-9ADC-B19102458754}.Release|Any CPU.Build.0 = Release|Any CPU
		{B4E4943F-0574-4BEF-9ADC-B19102458754}.Debug|iPhoneSimulator.ActiveCfg = Debug|Any CPU
		{B4E4943F-0574-4BEF-9ADC-B19102458754}.Debug|iPhoneSimulator.Build.0 = Debug|Any CPU
		{B4E4943F-0574-4BEF-9ADC-B19102458754}.Release|iPhone.ActiveCfg = Release|Any CPU
		{B4E4943F-0574-4BEF-9ADC-B19102458754}.Release|iPhone.Build.0 = Release|Any CPU
		{B4E4943F-0574-4BEF-9ADC-B19102458754}.Release|iPhoneSimulator.ActiveCfg = Release|Any CPU
		{B4E4943F-0574-4BEF-9ADC-B19102458754}.Release|iPhoneSimulator.Build.0 = Release|Any CPU
		{B4E4943F-0574-4BEF-9ADC-B19102458754}.Debug|iPhone.ActiveCfg = Debug|Any CPU
		{B4E4943F-0574-4BEF-9ADC-B19102458754}.Debug|iPhone.Build.0 = Debug|Any CPU
		{B4E4943F-0574-4BEF-9ADC-B19102458754}.UnitTests|Any CPU.ActiveCfg = Debug|Any CPU
		{B4E4943F-0574-4BEF-9ADC-B19102458754}.UnitTests|Any CPU.Build.0 = Debug|Any CPU
		{B4E4943F-0574-4BEF-9ADC-B19102458754}.ApiTests|Any CPU.ActiveCfg = Debug|Any CPU
		{B4E4943F-0574-4BEF-9ADC-B19102458754}.ApiTests|Any CPU.Build.0 = Debug|Any CPU
		{B4E4943F-0574-4BEF-9ADC-B19102458754}.Release.TestFlight|Any CPU.ActiveCfg = Release|Any CPU
		{B4E4943F-0574-4BEF-9ADC-B19102458754}.Release.TestFlight|Any CPU.Build.0 = Release|Any CPU
		{B4E4943F-0574-4BEF-9ADC-B19102458754}.Release.AppStore|Any CPU.ActiveCfg = Release|Any CPU
		{B4E4943F-0574-4BEF-9ADC-B19102458754}.Release.AppStore|Any CPU.Build.0 = Release|Any CPU
		{E5BC11C5-5C7A-4C9F-A84B-781FA3378A4A}.Debug|Any CPU.ActiveCfg = Debug|Any CPU
		{E5BC11C5-5C7A-4C9F-A84B-781FA3378A4A}.Debug|Any CPU.Build.0 = Debug|Any CPU
		{E5BC11C5-5C7A-4C9F-A84B-781FA3378A4A}.Release|Any CPU.ActiveCfg = Release|Any CPU
		{E5BC11C5-5C7A-4C9F-A84B-781FA3378A4A}.Release|Any CPU.Build.0 = Release|Any CPU
		{E5BC11C5-5C7A-4C9F-A84B-781FA3378A4A}.Debug|iPhoneSimulator.ActiveCfg = Debug|Any CPU
		{E5BC11C5-5C7A-4C9F-A84B-781FA3378A4A}.Release|iPhone.ActiveCfg = Release|Any CPU
		{E5BC11C5-5C7A-4C9F-A84B-781FA3378A4A}.Release|iPhoneSimulator.ActiveCfg = Release|Any CPU
		{E5BC11C5-5C7A-4C9F-A84B-781FA3378A4A}.Debug|iPhone.ActiveCfg = Debug|Any CPU
		{E5BC11C5-5C7A-4C9F-A84B-781FA3378A4A}.UnitTests|Any CPU.ActiveCfg = Debug|Any CPU
		{E5BC11C5-5C7A-4C9F-A84B-781FA3378A4A}.ApiTests|Any CPU.ActiveCfg = Debug|Any CPU
		{E5BC11C5-5C7A-4C9F-A84B-781FA3378A4A}.ApiTests|Any CPU.Build.0 = Debug|Any CPU
		{E5BC11C5-5C7A-4C9F-A84B-781FA3378A4A}.Release.TestFlight|Any CPU.ActiveCfg = Release|Any CPU
		{E5BC11C5-5C7A-4C9F-A84B-781FA3378A4A}.Release.TestFlight|Any CPU.Build.0 = Release|Any CPU
		{E5BC11C5-5C7A-4C9F-A84B-781FA3378A4A}.Release.AppStore|Any CPU.ActiveCfg = Release|Any CPU
		{E3D8D6E7-22D8-414C-89E0-DD721A70D256}.Debug|Any CPU.ActiveCfg = Debug|Any CPU
		{E3D8D6E7-22D8-414C-89E0-DD721A70D256}.Debug|Any CPU.Build.0 = Debug|Any CPU
		{E3D8D6E7-22D8-414C-89E0-DD721A70D256}.Release|Any CPU.ActiveCfg = Release|Any CPU
		{E3D8D6E7-22D8-414C-89E0-DD721A70D256}.Release|Any CPU.Build.0 = Release|Any CPU
		{E3D8D6E7-22D8-414C-89E0-DD721A70D256}.Debug|iPhoneSimulator.ActiveCfg = Debug|Any CPU
		{E3D8D6E7-22D8-414C-89E0-DD721A70D256}.Release|iPhone.ActiveCfg = Release|Any CPU
		{E3D8D6E7-22D8-414C-89E0-DD721A70D256}.Release|iPhoneSimulator.ActiveCfg = Release|Any CPU
		{E3D8D6E7-22D8-414C-89E0-DD721A70D256}.Debug|iPhone.ActiveCfg = Debug|Any CPU
		{E3D8D6E7-22D8-414C-89E0-DD721A70D256}.UnitTests|Any CPU.ActiveCfg = Debug|Any CPU
		{E3D8D6E7-22D8-414C-89E0-DD721A70D256}.UnitTests|Any CPU.Build.0 = Debug|Any CPU
		{E3D8D6E7-22D8-414C-89E0-DD721A70D256}.ApiTests|Any CPU.ActiveCfg = Debug|Any CPU
		{E3D8D6E7-22D8-414C-89E0-DD721A70D256}.Release.TestFlight|Any CPU.ActiveCfg = Release|Any CPU
		{E3D8D6E7-22D8-414C-89E0-DD721A70D256}.Release.TestFlight|Any CPU.Build.0 = Release|Any CPU
		{E3D8D6E7-22D8-414C-89E0-DD721A70D256}.Release.AppStore|Any CPU.ActiveCfg = Release|Any CPU
		{4A9CF7CD-8EB4-435D-958B-98A9FFC14876}.Debug|Any CPU.ActiveCfg = Debug|Any CPU
		{4A9CF7CD-8EB4-435D-958B-98A9FFC14876}.Debug|Any CPU.Build.0 = Debug|Any CPU
		{4A9CF7CD-8EB4-435D-958B-98A9FFC14876}.Release|Any CPU.ActiveCfg = Release|Any CPU
		{4A9CF7CD-8EB4-435D-958B-98A9FFC14876}.Release|Any CPU.Build.0 = Release|Any CPU
		{4A9CF7CD-8EB4-435D-958B-98A9FFC14876}.Debug|iPhoneSimulator.ActiveCfg = Debug|Any CPU
		{4A9CF7CD-8EB4-435D-958B-98A9FFC14876}.Debug|iPhoneSimulator.Build.0 = Debug|Any CPU
		{4A9CF7CD-8EB4-435D-958B-98A9FFC14876}.Release|iPhone.ActiveCfg = Release|Any CPU
		{4A9CF7CD-8EB4-435D-958B-98A9FFC14876}.Release|iPhone.Build.0 = Release|Any CPU
		{4A9CF7CD-8EB4-435D-958B-98A9FFC14876}.Release|iPhoneSimulator.ActiveCfg = Release|Any CPU
		{4A9CF7CD-8EB4-435D-958B-98A9FFC14876}.Release|iPhoneSimulator.Build.0 = Release|Any CPU
		{4A9CF7CD-8EB4-435D-958B-98A9FFC14876}.Debug|iPhone.ActiveCfg = Debug|Any CPU
		{4A9CF7CD-8EB4-435D-958B-98A9FFC14876}.Debug|iPhone.Build.0 = Debug|Any CPU
		{4A9CF7CD-8EB4-435D-958B-98A9FFC14876}.UnitTests|Any CPU.ActiveCfg = Debug|Any CPU
		{4A9CF7CD-8EB4-435D-958B-98A9FFC14876}.UnitTests|Any CPU.Build.0 = Debug|Any CPU
		{4A9CF7CD-8EB4-435D-958B-98A9FFC14876}.ApiTests|Any CPU.ActiveCfg = Debug|Any CPU
		{4A9CF7CD-8EB4-435D-958B-98A9FFC14876}.ApiTests|Any CPU.Build.0 = Debug|Any CPU
		{4A9CF7CD-8EB4-435D-958B-98A9FFC14876}.Release.TestFlight|Any CPU.ActiveCfg = Release|Any CPU
		{4A9CF7CD-8EB4-435D-958B-98A9FFC14876}.Release.TestFlight|Any CPU.Build.0 = Release|Any CPU
		{4A9CF7CD-8EB4-435D-958B-98A9FFC14876}.Release.AppStore|Any CPU.ActiveCfg = Release|Any CPU
		{4A9CF7CD-8EB4-435D-958B-98A9FFC14876}.Release.AppStore|Any CPU.Build.0 = Release|Any CPU
		{84D4A3E2-A25F-4FEF-B4AA-332DFB2A842D}.Debug|Any CPU.ActiveCfg = Debug|Any CPU
		{84D4A3E2-A25F-4FEF-B4AA-332DFB2A842D}.Debug|Any CPU.Build.0 = Debug|Any CPU
		{84D4A3E2-A25F-4FEF-B4AA-332DFB2A842D}.Release|Any CPU.ActiveCfg = Release|Any CPU
		{84D4A3E2-A25F-4FEF-B4AA-332DFB2A842D}.Release|Any CPU.Build.0 = Release|Any CPU
		{84D4A3E2-A25F-4FEF-B4AA-332DFB2A842D}.Debug|iPhoneSimulator.ActiveCfg = Debug|Any CPU
		{84D4A3E2-A25F-4FEF-B4AA-332DFB2A842D}.Debug|iPhoneSimulator.Build.0 = Debug|Any CPU
		{84D4A3E2-A25F-4FEF-B4AA-332DFB2A842D}.Release|iPhone.ActiveCfg = Release|Any CPU
		{84D4A3E2-A25F-4FEF-B4AA-332DFB2A842D}.Release|iPhone.Build.0 = Release|Any CPU
		{84D4A3E2-A25F-4FEF-B4AA-332DFB2A842D}.Release|iPhoneSimulator.ActiveCfg = Release|Any CPU
		{84D4A3E2-A25F-4FEF-B4AA-332DFB2A842D}.Release|iPhoneSimulator.Build.0 = Release|Any CPU
		{84D4A3E2-A25F-4FEF-B4AA-332DFB2A842D}.Debug|iPhone.ActiveCfg = Debug|Any CPU
		{84D4A3E2-A25F-4FEF-B4AA-332DFB2A842D}.Debug|iPhone.Build.0 = Debug|Any CPU
		{84D4A3E2-A25F-4FEF-B4AA-332DFB2A842D}.UnitTests|Any CPU.ActiveCfg = Debug|Any CPU
		{84D4A3E2-A25F-4FEF-B4AA-332DFB2A842D}.UnitTests|Any CPU.Build.0 = Debug|Any CPU
		{84D4A3E2-A25F-4FEF-B4AA-332DFB2A842D}.ApiTests|Any CPU.ActiveCfg = Debug|Any CPU
		{84D4A3E2-A25F-4FEF-B4AA-332DFB2A842D}.Release.TestFlight|Any CPU.ActiveCfg = Release|Any CPU
		{84D4A3E2-A25F-4FEF-B4AA-332DFB2A842D}.Release.TestFlight|Any CPU.Build.0 = Release|Any CPU
		{84D4A3E2-A25F-4FEF-B4AA-332DFB2A842D}.Release.AppStore|Any CPU.ActiveCfg = Release|Any CPU
		{84D4A3E2-A25F-4FEF-B4AA-332DFB2A842D}.Release.AppStore|Any CPU.Build.0 = Release|Any CPU
		{F19A3447-A5D9-4057-935C-5938B9827C9C}.Debug|Any CPU.ActiveCfg = Debug|Any CPU
		{F19A3447-A5D9-4057-935C-5938B9827C9C}.Debug|Any CPU.Build.0 = Debug|Any CPU
		{F19A3447-A5D9-4057-935C-5938B9827C9C}.Release|Any CPU.ActiveCfg = Release|Any CPU
		{F19A3447-A5D9-4057-935C-5938B9827C9C}.Release|Any CPU.Build.0 = Release|Any CPU
		{F19A3447-A5D9-4057-935C-5938B9827C9C}.Debug|iPhoneSimulator.ActiveCfg = Debug|Any CPU
		{F19A3447-A5D9-4057-935C-5938B9827C9C}.Release|iPhone.ActiveCfg = Release|Any CPU
		{F19A3447-A5D9-4057-935C-5938B9827C9C}.Release|iPhoneSimulator.ActiveCfg = Release|Any CPU
		{F19A3447-A5D9-4057-935C-5938B9827C9C}.Debug|iPhone.ActiveCfg = Debug|Any CPU
		{F19A3447-A5D9-4057-935C-5938B9827C9C}.UnitTests|Any CPU.ActiveCfg = Debug|Any CPU
		{F19A3447-A5D9-4057-935C-5938B9827C9C}.UnitTests|Any CPU.Build.0 = Debug|Any CPU
		{F19A3447-A5D9-4057-935C-5938B9827C9C}.ApiTests|Any CPU.ActiveCfg = Debug|Any CPU
		{F19A3447-A5D9-4057-935C-5938B9827C9C}.Release.TestFlight|Any CPU.ActiveCfg = Release|Any CPU
		{F19A3447-A5D9-4057-935C-5938B9827C9C}.Release.TestFlight|Any CPU.Build.0 = Release|Any CPU
		{F19A3447-A5D9-4057-935C-5938B9827C9C}.Release.AppStore|Any CPU.ActiveCfg = Release|Any CPU
		{7BFE4787-4B5E-4C04-A78E-FA89C187FC3A}.Debug|Any CPU.ActiveCfg = Debug|Any CPU
		{7BFE4787-4B5E-4C04-A78E-FA89C187FC3A}.Debug|Any CPU.Build.0 = Debug|Any CPU
		{7BFE4787-4B5E-4C04-A78E-FA89C187FC3A}.Release|Any CPU.ActiveCfg = Release|Any CPU
		{7BFE4787-4B5E-4C04-A78E-FA89C187FC3A}.Release|Any CPU.Build.0 = Release|Any CPU
		{7BFE4787-4B5E-4C04-A78E-FA89C187FC3A}.Debug|iPhoneSimulator.ActiveCfg = Debug|Any CPU
		{7BFE4787-4B5E-4C04-A78E-FA89C187FC3A}.Debug|iPhoneSimulator.Build.0 = Debug|Any CPU
		{7BFE4787-4B5E-4C04-A78E-FA89C187FC3A}.Release|iPhone.ActiveCfg = Release|Any CPU
		{7BFE4787-4B5E-4C04-A78E-FA89C187FC3A}.Release|iPhone.Build.0 = Release|Any CPU
		{7BFE4787-4B5E-4C04-A78E-FA89C187FC3A}.Release|iPhoneSimulator.ActiveCfg = Release|Any CPU
		{7BFE4787-4B5E-4C04-A78E-FA89C187FC3A}.Release|iPhoneSimulator.Build.0 = Release|Any CPU
		{7BFE4787-4B5E-4C04-A78E-FA89C187FC3A}.Debug|iPhone.ActiveCfg = Debug|Any CPU
		{7BFE4787-4B5E-4C04-A78E-FA89C187FC3A}.Debug|iPhone.Build.0 = Debug|Any CPU
		{7BFE4787-4B5E-4C04-A78E-FA89C187FC3A}.UnitTests|Any CPU.ActiveCfg = Debug|Any CPU
		{7BFE4787-4B5E-4C04-A78E-FA89C187FC3A}.UnitTests|Any CPU.Build.0 = Debug|Any CPU
		{7BFE4787-4B5E-4C04-A78E-FA89C187FC3A}.ApiTests|Any CPU.ActiveCfg = Debug|Any CPU
		{7BFE4787-4B5E-4C04-A78E-FA89C187FC3A}.Release.TestFlight|Any CPU.ActiveCfg = Release|Any CPU
		{7BFE4787-4B5E-4C04-A78E-FA89C187FC3A}.Release.TestFlight|Any CPU.Build.0 = Release|Any CPU
		{7BFE4787-4B5E-4C04-A78E-FA89C187FC3A}.Release.AppStore|Any CPU.ActiveCfg = Release|Any CPU
		{7BFE4787-4B5E-4C04-A78E-FA89C187FC3A}.Release.AppStore|Any CPU.Build.0 = Release|Any CPU
		{A50E5760-3BB6-4BE9-813E-A6056B5949F8}.Debug|Any CPU.ActiveCfg = Debug|Any CPU
		{A50E5760-3BB6-4BE9-813E-A6056B5949F8}.Debug|Any CPU.Build.0 = Debug|Any CPU
		{A50E5760-3BB6-4BE9-813E-A6056B5949F8}.Release|Any CPU.ActiveCfg = Release|Any CPU
		{A50E5760-3BB6-4BE9-813E-A6056B5949F8}.Release|Any CPU.Build.0 = Release|Any CPU
		{A50E5760-3BB6-4BE9-813E-A6056B5949F8}.Debug|iPhoneSimulator.ActiveCfg = Debug|iPhoneSimulator
		{A50E5760-3BB6-4BE9-813E-A6056B5949F8}.Release|iPhone.ActiveCfg = Release|iPhone
		{A50E5760-3BB6-4BE9-813E-A6056B5949F8}.Release|iPhoneSimulator.ActiveCfg = Release|iPhoneSimulator
		{A50E5760-3BB6-4BE9-813E-A6056B5949F8}.Debug|iPhone.ActiveCfg = Debug|iPhone
		{A50E5760-3BB6-4BE9-813E-A6056B5949F8}.UnitTests|Any CPU.ActiveCfg = Debug|Any CPU
		{A50E5760-3BB6-4BE9-813E-A6056B5949F8}.UnitTests|Any CPU.Build.0 = Debug|Any CPU
		{A50E5760-3BB6-4BE9-813E-A6056B5949F8}.ApiTests|Any CPU.ActiveCfg = Debug|Any CPU
		{A50E5760-3BB6-4BE9-813E-A6056B5949F8}.Release.TestFlight|Any CPU.ActiveCfg = Release|Any CPU
		{A50E5760-3BB6-4BE9-813E-A6056B5949F8}.Release.TestFlight|Any CPU.Build.0 = Release|Any CPU
		{A50E5760-3BB6-4BE9-813E-A6056B5949F8}.Release.AppStore|Any CPU.ActiveCfg = Release|Any CPU
		{8CE4E64C-5719-4660-96AC-CF2ABA3A335E}.Debug|Any CPU.ActiveCfg = Debug|iPhoneSimulator
		{8CE4E64C-5719-4660-96AC-CF2ABA3A335E}.Debug|Any CPU.Build.0 = Debug|iPhoneSimulator
		{8CE4E64C-5719-4660-96AC-CF2ABA3A335E}.Release|Any CPU.ActiveCfg = Release|iPhone
		{8CE4E64C-5719-4660-96AC-CF2ABA3A335E}.Release|Any CPU.Build.0 = Release|iPhone
		{8CE4E64C-5719-4660-96AC-CF2ABA3A335E}.Debug|iPhoneSimulator.ActiveCfg = Debug|iPhoneSimulator
		{8CE4E64C-5719-4660-96AC-CF2ABA3A335E}.Debug|iPhoneSimulator.Build.0 = Debug|iPhoneSimulator
		{8CE4E64C-5719-4660-96AC-CF2ABA3A335E}.Release|iPhone.ActiveCfg = Release|iPhone
		{8CE4E64C-5719-4660-96AC-CF2ABA3A335E}.Release|iPhone.Build.0 = Release|iPhone
		{8CE4E64C-5719-4660-96AC-CF2ABA3A335E}.Release|iPhoneSimulator.ActiveCfg = Release|iPhoneSimulator
		{8CE4E64C-5719-4660-96AC-CF2ABA3A335E}.Release|iPhoneSimulator.Build.0 = Release|iPhoneSimulator
		{8CE4E64C-5719-4660-96AC-CF2ABA3A335E}.Debug|iPhone.ActiveCfg = Debug|iPhone
		{8CE4E64C-5719-4660-96AC-CF2ABA3A335E}.Debug|iPhone.Build.0 = Debug|iPhone
		{8CE4E64C-5719-4660-96AC-CF2ABA3A335E}.UnitTests|Any CPU.ActiveCfg = Debug|iPhoneSimulator
		{8CE4E64C-5719-4660-96AC-CF2ABA3A335E}.ApiTests|Any CPU.ActiveCfg = Debug|iPhoneSimulator
		{8CE4E64C-5719-4660-96AC-CF2ABA3A335E}.Release.TestFlight|Any CPU.ActiveCfg = Release.TestFlight|Any CPU
		{8CE4E64C-5719-4660-96AC-CF2ABA3A335E}.Release.TestFlight|Any CPU.Build.0 = Release.TestFlight|Any CPU
		{8CE4E64C-5719-4660-96AC-CF2ABA3A335E}.Release.AppStore|Any CPU.ActiveCfg = Release.AppStore|Any CPU
		{8CE4E64C-5719-4660-96AC-CF2ABA3A335E}.Release.AppStore|Any CPU.Build.0 = Release.AppStore|Any CPU
		{C23A5DDD-D0EA-4198-88A0-89A43EBF67B6}.Debug|Any CPU.ActiveCfg = Debug|Any CPU
		{C23A5DDD-D0EA-4198-88A0-89A43EBF67B6}.Debug|Any CPU.Build.0 = Debug|Any CPU
		{C23A5DDD-D0EA-4198-88A0-89A43EBF67B6}.Release|Any CPU.ActiveCfg = Release|Any CPU
		{C23A5DDD-D0EA-4198-88A0-89A43EBF67B6}.Release|Any CPU.Build.0 = Release|Any CPU
		{C23A5DDD-D0EA-4198-88A0-89A43EBF67B6}.Debug|iPhoneSimulator.ActiveCfg = Debug|Any CPU
		{C23A5DDD-D0EA-4198-88A0-89A43EBF67B6}.Debug|iPhoneSimulator.Build.0 = Debug|Any CPU
		{C23A5DDD-D0EA-4198-88A0-89A43EBF67B6}.Release|iPhone.ActiveCfg = Release|Any CPU
		{C23A5DDD-D0EA-4198-88A0-89A43EBF67B6}.Release|iPhoneSimulator.ActiveCfg = Release|Any CPU
		{C23A5DDD-D0EA-4198-88A0-89A43EBF67B6}.Debug|iPhone.ActiveCfg = Debug|Any CPU
		{C23A5DDD-D0EA-4198-88A0-89A43EBF67B6}.Debug|iPhone.Build.0 = Debug|Any CPU
		{C23A5DDD-D0EA-4198-88A0-89A43EBF67B6}.UnitTests|Any CPU.ActiveCfg = Debug|Any CPU
		{C23A5DDD-D0EA-4198-88A0-89A43EBF67B6}.ApiTests|Any CPU.ActiveCfg = Debug|Any CPU
		{C23A5DDD-D0EA-4198-88A0-89A43EBF67B6}.Release.TestFlight|Any CPU.ActiveCfg = Release|Any CPU
		{C23A5DDD-D0EA-4198-88A0-89A43EBF67B6}.Release.TestFlight|Any CPU.Build.0 = Release|Any CPU
		{C23A5DDD-D0EA-4198-88A0-89A43EBF67B6}.Release.AppStore|Any CPU.ActiveCfg = Release|Any CPU
		{64A8727E-5D39-4EFB-80FA-4510147796BB}.Debug|Any CPU.ActiveCfg = Debug|Any CPU
		{64A8727E-5D39-4EFB-80FA-4510147796BB}.Debug|Any CPU.Build.0 = Debug|Any CPU
		{64A8727E-5D39-4EFB-80FA-4510147796BB}.Release|Any CPU.ActiveCfg = Release|Any CPU
		{64A8727E-5D39-4EFB-80FA-4510147796BB}.Release|Any CPU.Build.0 = Release|Any CPU
		{64A8727E-5D39-4EFB-80FA-4510147796BB}.Debug|iPhoneSimulator.ActiveCfg = Debug|Any CPU
		{64A8727E-5D39-4EFB-80FA-4510147796BB}.Debug|iPhoneSimulator.Build.0 = Debug|Any CPU
		{64A8727E-5D39-4EFB-80FA-4510147796BB}.Release|iPhone.ActiveCfg = Release|Any CPU
		{64A8727E-5D39-4EFB-80FA-4510147796BB}.Release|iPhone.Build.0 = Release|Any CPU
		{64A8727E-5D39-4EFB-80FA-4510147796BB}.Release|iPhoneSimulator.ActiveCfg = Release|Any CPU
		{64A8727E-5D39-4EFB-80FA-4510147796BB}.Release|iPhoneSimulator.Build.0 = Release|Any CPU
		{64A8727E-5D39-4EFB-80FA-4510147796BB}.Debug|iPhone.ActiveCfg = Debug|Any CPU
		{64A8727E-5D39-4EFB-80FA-4510147796BB}.Debug|iPhone.Build.0 = Debug|Any CPU
		{64A8727E-5D39-4EFB-80FA-4510147796BB}.UnitTests|Any CPU.ActiveCfg = Debug|Any CPU
		{64A8727E-5D39-4EFB-80FA-4510147796BB}.UnitTests|Any CPU.Build.0 = Debug|Any CPU
		{64A8727E-5D39-4EFB-80FA-4510147796BB}.ApiTests|Any CPU.ActiveCfg = Debug|Any CPU
		{64A8727E-5D39-4EFB-80FA-4510147796BB}.Release.TestFlight|Any CPU.ActiveCfg = Release|Any CPU
		{64A8727E-5D39-4EFB-80FA-4510147796BB}.Release.TestFlight|Any CPU.Build.0 = Release|Any CPU
		{64A8727E-5D39-4EFB-80FA-4510147796BB}.Release.AppStore|Any CPU.ActiveCfg = Release|Any CPU
		{64A8727E-5D39-4EFB-80FA-4510147796BB}.Release.AppStore|Any CPU.Build.0 = Release|Any CPU
		{B3FDFBF3-8D73-478F-B10E-9843C8613C87}.Debug|Any CPU.ActiveCfg = Debug|Any CPU
		{B3FDFBF3-8D73-478F-B10E-9843C8613C87}.Debug|Any CPU.Build.0 = Debug|Any CPU
		{B3FDFBF3-8D73-478F-B10E-9843C8613C87}.Release|Any CPU.ActiveCfg = Release|Any CPU
		{B3FDFBF3-8D73-478F-B10E-9843C8613C87}.Release|Any CPU.Build.0 = Release|Any CPU
		{B3FDFBF3-8D73-478F-B10E-9843C8613C87}.Debug|iPhoneSimulator.ActiveCfg = Debug|Any CPU
		{B3FDFBF3-8D73-478F-B10E-9843C8613C87}.Debug|iPhoneSimulator.Build.0 = Debug|Any CPU
		{B3FDFBF3-8D73-478F-B10E-9843C8613C87}.Release|iPhone.ActiveCfg = Release|Any CPU
		{B3FDFBF3-8D73-478F-B10E-9843C8613C87}.Release|iPhone.Build.0 = Release|Any CPU
		{B3FDFBF3-8D73-478F-B10E-9843C8613C87}.Release|iPhoneSimulator.ActiveCfg = Release|Any CPU
		{B3FDFBF3-8D73-478F-B10E-9843C8613C87}.Release|iPhoneSimulator.Build.0 = Release|Any CPU
		{B3FDFBF3-8D73-478F-B10E-9843C8613C87}.Debug|iPhone.ActiveCfg = Debug|Any CPU
		{B3FDFBF3-8D73-478F-B10E-9843C8613C87}.Debug|iPhone.Build.0 = Debug|Any CPU
		{B3FDFBF3-8D73-478F-B10E-9843C8613C87}.UnitTests|Any CPU.ActiveCfg = Debug|Any CPU
		{B3FDFBF3-8D73-478F-B10E-9843C8613C87}.UnitTests|Any CPU.Build.0 = Debug|Any CPU
		{B3FDFBF3-8D73-478F-B10E-9843C8613C87}.ApiTests|Any CPU.ActiveCfg = Debug|Any CPU
		{B3FDFBF3-8D73-478F-B10E-9843C8613C87}.Release.TestFlight|Any CPU.ActiveCfg = Release|Any CPU
		{B3FDFBF3-8D73-478F-B10E-9843C8613C87}.Release.TestFlight|Any CPU.Build.0 = Release|Any CPU
		{B3FDFBF3-8D73-478F-B10E-9843C8613C87}.Release.AppStore|Any CPU.ActiveCfg = Release|Any CPU
		{B3FDFBF3-8D73-478F-B10E-9843C8613C87}.Release.AppStore|Any CPU.Build.0 = Release|Any CPU
		{DEAB771F-ED46-4A27-AD25-F26723820F93}.Debug|Any CPU.ActiveCfg = Debug|Any CPU
		{DEAB771F-ED46-4A27-AD25-F26723820F93}.Debug|Any CPU.Build.0 = Debug|Any CPU
		{DEAB771F-ED46-4A27-AD25-F26723820F93}.Release|Any CPU.ActiveCfg = Release|Any CPU
		{DEAB771F-ED46-4A27-AD25-F26723820F93}.Release|Any CPU.Build.0 = Release|Any CPU
		{DEAB771F-ED46-4A27-AD25-F26723820F93}.Debug|iPhoneSimulator.ActiveCfg = Debug|iPhoneSimulator
		{DEAB771F-ED46-4A27-AD25-F26723820F93}.Release|iPhone.ActiveCfg = Release|iPhone
		{DEAB771F-ED46-4A27-AD25-F26723820F93}.Release|iPhoneSimulator.ActiveCfg = Release|iPhoneSimulator
		{DEAB771F-ED46-4A27-AD25-F26723820F93}.Debug|iPhone.ActiveCfg = Debug|iPhone
		{DEAB771F-ED46-4A27-AD25-F26723820F93}.UnitTests|Any CPU.ActiveCfg = Debug|Any CPU
		{DEAB771F-ED46-4A27-AD25-F26723820F93}.UnitTests|Any CPU.Build.0 = Debug|Any CPU
		{DEAB771F-ED46-4A27-AD25-F26723820F93}.ApiTests|Any CPU.ActiveCfg = Debug|Any CPU
		{DEAB771F-ED46-4A27-AD25-F26723820F93}.Release.TestFlight|Any CPU.ActiveCfg = Release|Any CPU
		{DEAB771F-ED46-4A27-AD25-F26723820F93}.Release.TestFlight|Any CPU.Build.0 = Release|Any CPU
		{DEAB771F-ED46-4A27-AD25-F26723820F93}.Release.AppStore|Any CPU.ActiveCfg = Release|Any CPU
	EndGlobalSection
	GlobalSection(NestedProjects) = preSolution
		{B4E4943F-0574-4BEF-9ADC-B19102458754} = {0BA4407E-0470-4496-A80B-DE311A40A385}
		{E3D8D6E7-22D8-414C-89E0-DD721A70D256} = {0BA4407E-0470-4496-A80B-DE311A40A385}
		{E5BC11C5-5C7A-4C9F-A84B-781FA3378A4A} = {0BA4407E-0470-4496-A80B-DE311A40A385}
		{84D4A3E2-A25F-4FEF-B4AA-332DFB2A842D} = {F8D36062-5AD3-4F2D-8E64-9ACB91C0BB50}
		{F19A3447-A5D9-4057-935C-5938B9827C9C} = {F8D36062-5AD3-4F2D-8E64-9ACB91C0BB50}
		{7BFE4787-4B5E-4C04-A78E-FA89C187FC3A} = {B55DCFC1-9EA2-4289-B3EE-8979E0A9AB2E}
		{A50E5760-3BB6-4BE9-813E-A6056B5949F8} = {B55DCFC1-9EA2-4289-B3EE-8979E0A9AB2E}
		{8CE4E64C-5719-4660-96AC-CF2ABA3A335E} = {4796CD10-F5B5-4843-AD7A-2691438E5A6C}
		{C23A5DDD-D0EA-4198-88A0-89A43EBF67B6} = {4796CD10-F5B5-4843-AD7A-2691438E5A6C}
		{64A8727E-5D39-4EFB-80FA-4510147796BB} = {F8D36062-5AD3-4F2D-8E64-9ACB91C0BB50}
		{B3FDFBF3-8D73-478F-B10E-9843C8613C87} = {B55DCFC1-9EA2-4289-B3EE-8979E0A9AB2E}
		{4A9CF7CD-8EB4-435D-958B-98A9FFC14876} = {128F799A-3060-4D72-9F14-93620F25E5E3}
		{DEAB771F-ED46-4A27-AD25-F26723820F93} = {128F799A-3060-4D72-9F14-93620F25E5E3}
	EndGlobalSection
EndGlobal
