
Microsoft Visual Studio Solution File, Format Version 12.00
# Visual Studio 15
VisualStudioVersion = 15.0.26430.6
MinimumVisualStudioVersion = 10.0.40219.1
Project("{2150E333-8FDC-42A3-9474-1A3956D46DE8}") = "Daneel", "Daneel", "{4796CD10-F5B5-4843-AD7A-2691438E5A6C}"
EndProject
Project("{2150E333-8FDC-42A3-9474-1A3956D46DE8}") = "Ultrawave", "Ultrawave", "{0BA4407E-0470-4496-A80B-DE311A40A385}"
EndProject
Project("{2150E333-8FDC-42A3-9474-1A3956D46DE8}") = "PrimeRadiant", "PrimeRadiant", "{F8D36062-5AD3-4F2D-8E64-9ACB91C0BB50}"
EndProject
Project("{2150E333-8FDC-42A3-9474-1A3956D46DE8}") = "Foundation", "Foundation", "{B55DCFC1-9EA2-4289-B3EE-8979E0A9AB2E}"
EndProject
Project("{FAE04EC0-301F-11D3-BF4B-00C04F79EFBC}") = "Toggl.Daneel", "Toggl.Daneel\Toggl.Daneel.csproj", "{8CE4E64C-5719-4660-96AC-CF2ABA3A335E}"
EndProject
Project("{FAE04EC0-301F-11D3-BF4B-00C04F79EFBC}") = "Toggl.Daneel.Tests.UI", "Toggl.Daneel.Tests.UI\Toggl.Daneel.Tests.UI.csproj", "{C23A5DDD-D0EA-4198-88A0-89A43EBF67B6}"
EndProject
Project("{2150E333-8FDC-42A3-9474-1A3956D46DE8}") = "Multivac", "Multivac", "{128F799A-3060-4D72-9F14-93620F25E5E3}"
EndProject
Project("{FAE04EC0-301F-11D3-BF4B-00C04F79EFBC}") = "Toggl.Multivac", "Toggl.Multivac\Toggl.Multivac.csproj", "{6AF7BE5E-AF9D-4EA7-AF7F-28D07B8DEF24}"
EndProject
Project("{FAE04EC0-301F-11D3-BF4B-00C04F79EFBC}") = "Toggl.Multivac.Tests", "Toggl.Multivac.Tests\Toggl.Multivac.Tests.csproj", "{E90E4D61-D55E-4185-AE9E-C8977140694A}"
EndProject
Project("{FAE04EC0-301F-11D3-BF4B-00C04F79EFBC}") = "Toggl.Ultrawave", "Toggl.Ultrawave\Toggl.Ultrawave.csproj", "{5ACEB155-9DD4-4309-BCC9-997A09950393}"
EndProject
Project("{FAE04EC0-301F-11D3-BF4B-00C04F79EFBC}") = "Toggl.Ultrawave.Tests", "Toggl.Ultrawave.Tests\Toggl.Ultrawave.Tests.csproj", "{8598D5CB-4E3A-4F99-8E80-CC4EA8609ED8}"
EndProject
Project("{FAE04EC0-301F-11D3-BF4B-00C04F79EFBC}") = "Toggl.Ultrawave.Tests.Integration", "Toggl.Ultrawave.Tests.Integration\Toggl.Ultrawave.Tests.Integration.csproj", "{C400D1A6-5DC5-4A92-8DD0-FF272D0D1189}"
EndProject
Project("{FAE04EC0-301F-11D3-BF4B-00C04F79EFBC}") = "Toggl.PrimeRadiant", "Toggl.PrimeRadiant\Toggl.PrimeRadiant.csproj", "{3A603451-31B2-4975-9366-3212BEA78F57}"
EndProject
Project("{FAE04EC0-301F-11D3-BF4B-00C04F79EFBC}") = "Toggl.PrimeRadiant.Realm", "Toggl.PrimeRadiant.Realm\Toggl.PrimeRadiant.Realm.csproj", "{7716BCE9-A3D4-4359-A02E-94380BDF83C7}"
EndProject
Project("{FAE04EC0-301F-11D3-BF4B-00C04F79EFBC}") = "Toggl.PrimeRadiant.Tests", "Toggl.PrimeRadiant.Tests\Toggl.PrimeRadiant.Tests.csproj", "{80155A57-5BAF-4CF0-93CA-B9E99BA95E9F}"
EndProject
Project("{FAE04EC0-301F-11D3-BF4B-00C04F79EFBC}") = "Toggl.Foundation", "Toggl.Foundation\Toggl.Foundation.csproj", "{09D75C0B-3367-4678-97EF-6EADE64AF09C}"
EndProject
Project("{FAE04EC0-301F-11D3-BF4B-00C04F79EFBC}") = "Toggl.Foundation.MvvmCross", "Toggl.Foundation.MvvmCross\Toggl.Foundation.MvvmCross.csproj", "{CB2B0786-217F-455A-9349-0FC69468D3B6}"
EndProject
Project("{FAE04EC0-301F-11D3-BF4B-00C04F79EFBC}") = "Toggl.Foundation.Tests", "Toggl.Foundation.Tests\Toggl.Foundation.Tests.csproj", "{8E366E3C-7BE5-4962-9E0C-9094AE1FE2F4}"
EndProject
Project("{2150E333-8FDC-42A3-9474-1A3956D46DE8}") = "Shared", "Shared", "{C77C5963-4D3C-4B6A-BA94-F707B2069D89}"
EndProject
Project("{D954291E-2A0B-460D-934E-DC6B0785DB48}") = "Toggl.Tests.UI", "Toggl.Tests.UI\Toggl.Tests.UI.shproj", "{9DC2721A-9A49-46FA-99A4-B004360A2008}"
EndProject
Project("{2150E333-8FDC-42A3-9474-1A3956D46DE8}") = "Giskard", "Giskard", "{707BB64D-7A0C-46D0-BFC3-CC64D708FEBA}"
EndProject
Project("{FAE04EC0-301F-11D3-BF4B-00C04F79EFBC}") = "Toggl.Giskard", "Toggl.Giskard\Toggl.Giskard.csproj", "{CEB93402-CEAE-4D6F-8169-3ACA1F792DF4}"
EndProject
Project("{FAE04EC0-301F-11D3-BF4B-00C04F79EFBC}") = "Toggl.Giskard.Tests.UI", "Toggl.Giskard.Tests.UI\Toggl.Giskard.Tests.UI.csproj", "{95E279D3-026E-4E31-92D2-44F4ABA0F511}"
EndProject
Project("{FAE04EC0-301F-11D3-BF4B-00C04F79EFBC}") = "Toggl.Giskard.Tests", "Toggl.Giskard.Tests\Toggl.Giskard.Tests.csproj", "{3098288F-5579-435C-94CC-311ACFEDA7F0}"
EndProject
Project("{FAE04EC0-301F-11D3-BF4B-00C04F79EFBC}") = "Toggl.Daneel.Tests", "Toggl.Daneel.Tests\Toggl.Daneel.Tests.csproj", "{D8346459-DE6B-4511-8697-3B35D35F1E90}"
EndProject
Global
	GlobalSection(SolutionConfigurationPlatforms) = preSolution
		ApiTests|Any CPU = ApiTests|Any CPU
		ApiTests|iPhone = ApiTests|iPhone
		ApiTests|iPhoneSimulator = ApiTests|iPhoneSimulator
		Debug|Any CPU = Debug|Any CPU
		Debug|iPhone = Debug|iPhone
		Debug|iPhoneSimulator = Debug|iPhoneSimulator
		Release.AppStore|Any CPU = Release.AppStore|Any CPU
		Release.AppStore|iPhone = Release.AppStore|iPhone
		Release.AppStore|iPhoneSimulator = Release.AppStore|iPhoneSimulator
		Release|Any CPU = Release|Any CPU
		Release|iPhone = Release|iPhone
		Release|iPhoneSimulator = Release|iPhoneSimulator
		UnitTests|Any CPU = UnitTests|Any CPU
		UnitTests|iPhone = UnitTests|iPhone
		UnitTests|iPhoneSimulator = UnitTests|iPhoneSimulator
		Release.AdHoc|Any CPU = Release.AdHoc|Any CPU
		Release.PlayStore|Any CPU = Release.PlayStore|Any CPU
		Release.AdHoc.Giskard|Any CPU = Release.AdHoc.Giskard|Any CPU
		UITests|Any CPU = UITests|Any CPU
	EndGlobalSection
	GlobalSection(ProjectConfigurationPlatforms) = postSolution
		{8CE4E64C-5719-4660-96AC-CF2ABA3A335E}.ApiTests|Any CPU.ActiveCfg = Debug|iPhoneSimulator
		{8CE4E64C-5719-4660-96AC-CF2ABA3A335E}.Debug|Any CPU.ActiveCfg = Debug|iPhoneSimulator
		{8CE4E64C-5719-4660-96AC-CF2ABA3A335E}.Debug|Any CPU.Build.0 = Debug|iPhoneSimulator
		{8CE4E64C-5719-4660-96AC-CF2ABA3A335E}.Debug|iPhone.ActiveCfg = Debug|iPhone
		{8CE4E64C-5719-4660-96AC-CF2ABA3A335E}.Debug|iPhone.Build.0 = Debug|iPhone
		{8CE4E64C-5719-4660-96AC-CF2ABA3A335E}.Debug|iPhoneSimulator.ActiveCfg = Debug|iPhoneSimulator
		{8CE4E64C-5719-4660-96AC-CF2ABA3A335E}.Debug|iPhoneSimulator.Build.0 = Debug|iPhoneSimulator
		{8CE4E64C-5719-4660-96AC-CF2ABA3A335E}.Release.AppStore|Any CPU.ActiveCfg = Release.AppStore|Any CPU
		{8CE4E64C-5719-4660-96AC-CF2ABA3A335E}.Release.AppStore|Any CPU.Build.0 = Release.AppStore|Any CPU
		{8CE4E64C-5719-4660-96AC-CF2ABA3A335E}.Release|Any CPU.ActiveCfg = Release|iPhone
		{8CE4E64C-5719-4660-96AC-CF2ABA3A335E}.Release|Any CPU.Build.0 = Release|iPhone
		{8CE4E64C-5719-4660-96AC-CF2ABA3A335E}.Release|iPhone.ActiveCfg = Release|iPhone
		{8CE4E64C-5719-4660-96AC-CF2ABA3A335E}.Release|iPhone.Build.0 = Release|iPhone
		{8CE4E64C-5719-4660-96AC-CF2ABA3A335E}.Release|iPhoneSimulator.ActiveCfg = Release|iPhoneSimulator
		{8CE4E64C-5719-4660-96AC-CF2ABA3A335E}.Release|iPhoneSimulator.Build.0 = Release|iPhoneSimulator
		{8CE4E64C-5719-4660-96AC-CF2ABA3A335E}.UnitTests|Any CPU.ActiveCfg = Debug|iPhoneSimulator
		{8CE4E64C-5719-4660-96AC-CF2ABA3A335E}.Release.AdHoc|Any CPU.ActiveCfg = Release.AdHoc|Any CPU
		{8CE4E64C-5719-4660-96AC-CF2ABA3A335E}.Release.AdHoc|Any CPU.Build.0 = Release.AdHoc|Any CPU
		{8CE4E64C-5719-4660-96AC-CF2ABA3A335E}.Release.PlayStore|Any CPU.ActiveCfg = Debug|iPhoneSimulator
		{8CE4E64C-5719-4660-96AC-CF2ABA3A335E}.Release.AdHoc.Giskard|Any CPU.ActiveCfg = Debug|iPhoneSimulator
		{8CE4E64C-5719-4660-96AC-CF2ABA3A335E}.UITests|Any CPU.ActiveCfg = Debug|iPhoneSimulator
		{8CE4E64C-5719-4660-96AC-CF2ABA3A335E}.UITests|Any CPU.Build.0 = Debug|iPhoneSimulator
		{C23A5DDD-D0EA-4198-88A0-89A43EBF67B6}.ApiTests|Any CPU.ActiveCfg = Debug|Any CPU
		{C23A5DDD-D0EA-4198-88A0-89A43EBF67B6}.Debug|Any CPU.ActiveCfg = Debug|Any CPU
		{C23A5DDD-D0EA-4198-88A0-89A43EBF67B6}.Debug|Any CPU.Build.0 = Debug|Any CPU
		{C23A5DDD-D0EA-4198-88A0-89A43EBF67B6}.Debug|iPhone.ActiveCfg = Debug|Any CPU
		{C23A5DDD-D0EA-4198-88A0-89A43EBF67B6}.Debug|iPhone.Build.0 = Debug|Any CPU
		{C23A5DDD-D0EA-4198-88A0-89A43EBF67B6}.Debug|iPhoneSimulator.ActiveCfg = Debug|Any CPU
		{C23A5DDD-D0EA-4198-88A0-89A43EBF67B6}.Debug|iPhoneSimulator.Build.0 = Debug|Any CPU
		{C23A5DDD-D0EA-4198-88A0-89A43EBF67B6}.Release.AppStore|Any CPU.ActiveCfg = Release|Any CPU
		{C23A5DDD-D0EA-4198-88A0-89A43EBF67B6}.Release|Any CPU.ActiveCfg = Release|Any CPU
		{C23A5DDD-D0EA-4198-88A0-89A43EBF67B6}.Release|Any CPU.Build.0 = Release|Any CPU
		{C23A5DDD-D0EA-4198-88A0-89A43EBF67B6}.Release|iPhone.ActiveCfg = Release|Any CPU
		{C23A5DDD-D0EA-4198-88A0-89A43EBF67B6}.Release|iPhoneSimulator.ActiveCfg = Release|Any CPU
		{C23A5DDD-D0EA-4198-88A0-89A43EBF67B6}.UnitTests|Any CPU.ActiveCfg = Debug|Any CPU
		{C23A5DDD-D0EA-4198-88A0-89A43EBF67B6}.Release.AdHoc|Any CPU.ActiveCfg = Release|Any CPU
		{C23A5DDD-D0EA-4198-88A0-89A43EBF67B6}.Release.PlayStore|Any CPU.ActiveCfg = Debug|Any CPU
		{C23A5DDD-D0EA-4198-88A0-89A43EBF67B6}.Release.AdHoc.Giskard|Any CPU.ActiveCfg = Debug|Any CPU
		{C23A5DDD-D0EA-4198-88A0-89A43EBF67B6}.UITests|Any CPU.ActiveCfg = Release|Any CPU
		{C23A5DDD-D0EA-4198-88A0-89A43EBF67B6}.UITests|Any CPU.Build.0 = Release|Any CPU
		{6AF7BE5E-AF9D-4EA7-AF7F-28D07B8DEF24}.ApiTests|Any CPU.ActiveCfg = Debug|Any CPU
		{6AF7BE5E-AF9D-4EA7-AF7F-28D07B8DEF24}.ApiTests|Any CPU.Build.0 = Debug|Any CPU
		{6AF7BE5E-AF9D-4EA7-AF7F-28D07B8DEF24}.Debug|Any CPU.ActiveCfg = Debug|Any CPU
		{6AF7BE5E-AF9D-4EA7-AF7F-28D07B8DEF24}.Debug|Any CPU.Build.0 = Debug|Any CPU
		{6AF7BE5E-AF9D-4EA7-AF7F-28D07B8DEF24}.Debug|iPhone.ActiveCfg = Debug|Any CPU
		{6AF7BE5E-AF9D-4EA7-AF7F-28D07B8DEF24}.Debug|iPhone.Build.0 = Debug|Any CPU
		{6AF7BE5E-AF9D-4EA7-AF7F-28D07B8DEF24}.Debug|iPhoneSimulator.ActiveCfg = Debug|Any CPU
		{6AF7BE5E-AF9D-4EA7-AF7F-28D07B8DEF24}.Debug|iPhoneSimulator.Build.0 = Debug|Any CPU
		{6AF7BE5E-AF9D-4EA7-AF7F-28D07B8DEF24}.Release.AppStore|Any CPU.ActiveCfg = Release|Any CPU
		{6AF7BE5E-AF9D-4EA7-AF7F-28D07B8DEF24}.Release.AppStore|Any CPU.Build.0 = Release|Any CPU
		{6AF7BE5E-AF9D-4EA7-AF7F-28D07B8DEF24}.Release|Any CPU.ActiveCfg = Release|Any CPU
		{6AF7BE5E-AF9D-4EA7-AF7F-28D07B8DEF24}.Release|Any CPU.Build.0 = Release|Any CPU
		{6AF7BE5E-AF9D-4EA7-AF7F-28D07B8DEF24}.Release|iPhone.ActiveCfg = Release|Any CPU
		{6AF7BE5E-AF9D-4EA7-AF7F-28D07B8DEF24}.Release|iPhone.Build.0 = Release|Any CPU
		{6AF7BE5E-AF9D-4EA7-AF7F-28D07B8DEF24}.Release|iPhoneSimulator.ActiveCfg = Release|Any CPU
		{6AF7BE5E-AF9D-4EA7-AF7F-28D07B8DEF24}.Release|iPhoneSimulator.Build.0 = Release|Any CPU
		{6AF7BE5E-AF9D-4EA7-AF7F-28D07B8DEF24}.UnitTests|Any CPU.ActiveCfg = Debug|Any CPU
		{6AF7BE5E-AF9D-4EA7-AF7F-28D07B8DEF24}.UnitTests|Any CPU.Build.0 = Debug|Any CPU
		{6AF7BE5E-AF9D-4EA7-AF7F-28D07B8DEF24}.Release.AdHoc|Any CPU.ActiveCfg = Release|Any CPU
		{6AF7BE5E-AF9D-4EA7-AF7F-28D07B8DEF24}.Release.AdHoc|Any CPU.Build.0 = Release|Any CPU
		{6AF7BE5E-AF9D-4EA7-AF7F-28D07B8DEF24}.Release.PlayStore|Any CPU.ActiveCfg = Release|Any CPU
		{6AF7BE5E-AF9D-4EA7-AF7F-28D07B8DEF24}.Release.PlayStore|Any CPU.Build.0 = Release|Any CPU
		{6AF7BE5E-AF9D-4EA7-AF7F-28D07B8DEF24}.Release.AdHoc.Giskard|Any CPU.ActiveCfg = Release|Any CPU
		{6AF7BE5E-AF9D-4EA7-AF7F-28D07B8DEF24}.Release.AdHoc.Giskard|Any CPU.Build.0 = Release|Any CPU
		{6AF7BE5E-AF9D-4EA7-AF7F-28D07B8DEF24}.UITests|Any CPU.ActiveCfg = Release|Any CPU
		{6AF7BE5E-AF9D-4EA7-AF7F-28D07B8DEF24}.UITests|Any CPU.Build.0 = Release|Any CPU
		{E90E4D61-D55E-4185-AE9E-C8977140694A}.ApiTests|Any CPU.ActiveCfg = Debug|Any CPU
		{E90E4D61-D55E-4185-AE9E-C8977140694A}.Debug|Any CPU.ActiveCfg = Debug|Any CPU
		{E90E4D61-D55E-4185-AE9E-C8977140694A}.Debug|Any CPU.Build.0 = Debug|Any CPU
		{E90E4D61-D55E-4185-AE9E-C8977140694A}.Debug|iPhone.ActiveCfg = Debug|Any CPU
		{E90E4D61-D55E-4185-AE9E-C8977140694A}.Debug|iPhone.Build.0 = Debug|Any CPU
		{E90E4D61-D55E-4185-AE9E-C8977140694A}.Debug|iPhoneSimulator.ActiveCfg = Debug|Any CPU
		{E90E4D61-D55E-4185-AE9E-C8977140694A}.Debug|iPhoneSimulator.Build.0 = Debug|Any CPU
		{E90E4D61-D55E-4185-AE9E-C8977140694A}.Release.AppStore|Any CPU.ActiveCfg = Release|Any CPU
		{E90E4D61-D55E-4185-AE9E-C8977140694A}.Release|Any CPU.ActiveCfg = Release|Any CPU
		{E90E4D61-D55E-4185-AE9E-C8977140694A}.Release|Any CPU.Build.0 = Release|Any CPU
		{E90E4D61-D55E-4185-AE9E-C8977140694A}.Release|iPhone.ActiveCfg = Release|Any CPU
		{E90E4D61-D55E-4185-AE9E-C8977140694A}.Release|iPhone.Build.0 = Release|Any CPU
		{E90E4D61-D55E-4185-AE9E-C8977140694A}.Release|iPhoneSimulator.ActiveCfg = Release|Any CPU
		{E90E4D61-D55E-4185-AE9E-C8977140694A}.Release|iPhoneSimulator.Build.0 = Release|Any CPU
		{E90E4D61-D55E-4185-AE9E-C8977140694A}.UnitTests|Any CPU.ActiveCfg = Debug|Any CPU
		{E90E4D61-D55E-4185-AE9E-C8977140694A}.UnitTests|Any CPU.Build.0 = Debug|Any CPU
		{E90E4D61-D55E-4185-AE9E-C8977140694A}.ApiTests|Any CPU.Build.0 = Debug|Any CPU
		{E90E4D61-D55E-4185-AE9E-C8977140694A}.Release.AdHoc|Any CPU.ActiveCfg = Debug|Any CPU
		{E90E4D61-D55E-4185-AE9E-C8977140694A}.Release.PlayStore|Any CPU.ActiveCfg = Debug|Any CPU
		{E90E4D61-D55E-4185-AE9E-C8977140694A}.Release.AdHoc.Giskard|Any CPU.ActiveCfg = Debug|Any CPU
		{E90E4D61-D55E-4185-AE9E-C8977140694A}.UITests|Any CPU.ActiveCfg = Debug|Any CPU
		{5ACEB155-9DD4-4309-BCC9-997A09950393}.ApiTests|Any CPU.ActiveCfg = Debug|Any CPU
		{5ACEB155-9DD4-4309-BCC9-997A09950393}.ApiTests|Any CPU.Build.0 = Debug|Any CPU
		{5ACEB155-9DD4-4309-BCC9-997A09950393}.Debug|Any CPU.ActiveCfg = Debug|Any CPU
		{5ACEB155-9DD4-4309-BCC9-997A09950393}.Debug|Any CPU.Build.0 = Debug|Any CPU
		{5ACEB155-9DD4-4309-BCC9-997A09950393}.Debug|iPhone.ActiveCfg = Debug|Any CPU
		{5ACEB155-9DD4-4309-BCC9-997A09950393}.Debug|iPhone.Build.0 = Debug|Any CPU
		{5ACEB155-9DD4-4309-BCC9-997A09950393}.Debug|iPhoneSimulator.ActiveCfg = Debug|Any CPU
		{5ACEB155-9DD4-4309-BCC9-997A09950393}.Debug|iPhoneSimulator.Build.0 = Debug|Any CPU
		{5ACEB155-9DD4-4309-BCC9-997A09950393}.Release.AppStore|Any CPU.ActiveCfg = Release|Any CPU
		{5ACEB155-9DD4-4309-BCC9-997A09950393}.Release.AppStore|Any CPU.Build.0 = Release|Any CPU
		{5ACEB155-9DD4-4309-BCC9-997A09950393}.Release|Any CPU.ActiveCfg = Release|Any CPU
		{5ACEB155-9DD4-4309-BCC9-997A09950393}.Release|Any CPU.Build.0 = Release|Any CPU
		{5ACEB155-9DD4-4309-BCC9-997A09950393}.Release|iPhone.ActiveCfg = Release|Any CPU
		{5ACEB155-9DD4-4309-BCC9-997A09950393}.Release|iPhone.Build.0 = Release|Any CPU
		{5ACEB155-9DD4-4309-BCC9-997A09950393}.Release|iPhoneSimulator.ActiveCfg = Release|Any CPU
		{5ACEB155-9DD4-4309-BCC9-997A09950393}.Release|iPhoneSimulator.Build.0 = Release|Any CPU
		{5ACEB155-9DD4-4309-BCC9-997A09950393}.UnitTests|Any CPU.ActiveCfg = Debug|Any CPU
		{5ACEB155-9DD4-4309-BCC9-997A09950393}.UnitTests|Any CPU.Build.0 = Debug|Any CPU
		{5ACEB155-9DD4-4309-BCC9-997A09950393}.Release.AdHoc|Any CPU.ActiveCfg = Release|Any CPU
		{5ACEB155-9DD4-4309-BCC9-997A09950393}.Release.AdHoc|Any CPU.Build.0 = Release|Any CPU
		{5ACEB155-9DD4-4309-BCC9-997A09950393}.Release.PlayStore|Any CPU.ActiveCfg = Release|Any CPU
		{5ACEB155-9DD4-4309-BCC9-997A09950393}.Release.PlayStore|Any CPU.Build.0 = Release|Any CPU
		{5ACEB155-9DD4-4309-BCC9-997A09950393}.Release.AdHoc.Giskard|Any CPU.ActiveCfg = Release|Any CPU
		{5ACEB155-9DD4-4309-BCC9-997A09950393}.Release.AdHoc.Giskard|Any CPU.Build.0 = Release|Any CPU
		{5ACEB155-9DD4-4309-BCC9-997A09950393}.UITests|Any CPU.ActiveCfg = Release|Any CPU
		{5ACEB155-9DD4-4309-BCC9-997A09950393}.UITests|Any CPU.Build.0 = Release|Any CPU
		{8598D5CB-4E3A-4F99-8E80-CC4EA8609ED8}.ApiTests|Any CPU.ActiveCfg = Debug|Any CPU
		{8598D5CB-4E3A-4F99-8E80-CC4EA8609ED8}.Debug|Any CPU.ActiveCfg = Debug|Any CPU
		{8598D5CB-4E3A-4F99-8E80-CC4EA8609ED8}.Debug|Any CPU.Build.0 = Debug|Any CPU
		{8598D5CB-4E3A-4F99-8E80-CC4EA8609ED8}.Debug|iPhone.ActiveCfg = Debug|Any CPU
		{8598D5CB-4E3A-4F99-8E80-CC4EA8609ED8}.Debug|iPhone.Build.0 = Debug|Any CPU
		{8598D5CB-4E3A-4F99-8E80-CC4EA8609ED8}.Debug|iPhoneSimulator.ActiveCfg = Debug|Any CPU
		{8598D5CB-4E3A-4F99-8E80-CC4EA8609ED8}.Debug|iPhoneSimulator.Build.0 = Debug|Any CPU
		{8598D5CB-4E3A-4F99-8E80-CC4EA8609ED8}.Release.AppStore|Any CPU.ActiveCfg = Release|Any CPU
		{8598D5CB-4E3A-4F99-8E80-CC4EA8609ED8}.Release|Any CPU.ActiveCfg = Release|Any CPU
		{8598D5CB-4E3A-4F99-8E80-CC4EA8609ED8}.Release|Any CPU.Build.0 = Release|Any CPU
		{8598D5CB-4E3A-4F99-8E80-CC4EA8609ED8}.Release|iPhone.ActiveCfg = Release|Any CPU
		{8598D5CB-4E3A-4F99-8E80-CC4EA8609ED8}.Release|iPhone.Build.0 = Release|Any CPU
		{8598D5CB-4E3A-4F99-8E80-CC4EA8609ED8}.Release|iPhoneSimulator.ActiveCfg = Release|Any CPU
		{8598D5CB-4E3A-4F99-8E80-CC4EA8609ED8}.Release|iPhoneSimulator.Build.0 = Release|Any CPU
		{8598D5CB-4E3A-4F99-8E80-CC4EA8609ED8}.UnitTests|Any CPU.ActiveCfg = Debug|Any CPU
		{8598D5CB-4E3A-4F99-8E80-CC4EA8609ED8}.UnitTests|Any CPU.Build.0 = Debug|Any CPU
		{8598D5CB-4E3A-4F99-8E80-CC4EA8609ED8}.Release.AdHoc|Any CPU.ActiveCfg = Debug|Any CPU
		{8598D5CB-4E3A-4F99-8E80-CC4EA8609ED8}.Release.PlayStore|Any CPU.ActiveCfg = Debug|Any CPU
		{8598D5CB-4E3A-4F99-8E80-CC4EA8609ED8}.Release.AdHoc.Giskard|Any CPU.ActiveCfg = Debug|Any CPU
		{8598D5CB-4E3A-4F99-8E80-CC4EA8609ED8}.UITests|Any CPU.ActiveCfg = Debug|Any CPU
		{C400D1A6-5DC5-4A92-8DD0-FF272D0D1189}.ApiTests|Any CPU.ActiveCfg = Debug|Any CPU
		{C400D1A6-5DC5-4A92-8DD0-FF272D0D1189}.ApiTests|Any CPU.Build.0 = Debug|Any CPU
		{C400D1A6-5DC5-4A92-8DD0-FF272D0D1189}.Debug|Any CPU.ActiveCfg = Debug|Any CPU
		{C400D1A6-5DC5-4A92-8DD0-FF272D0D1189}.Debug|Any CPU.Build.0 = Debug|Any CPU
		{C400D1A6-5DC5-4A92-8DD0-FF272D0D1189}.Debug|iPhone.ActiveCfg = Debug|Any CPU
		{C400D1A6-5DC5-4A92-8DD0-FF272D0D1189}.Debug|iPhone.Build.0 = Debug|Any CPU
		{C400D1A6-5DC5-4A92-8DD0-FF272D0D1189}.Debug|iPhoneSimulator.ActiveCfg = Debug|Any CPU
		{C400D1A6-5DC5-4A92-8DD0-FF272D0D1189}.Debug|iPhoneSimulator.Build.0 = Debug|Any CPU
		{C400D1A6-5DC5-4A92-8DD0-FF272D0D1189}.Release.AppStore|Any CPU.ActiveCfg = Release|Any CPU
		{C400D1A6-5DC5-4A92-8DD0-FF272D0D1189}.Release|Any CPU.ActiveCfg = Release|Any CPU
		{C400D1A6-5DC5-4A92-8DD0-FF272D0D1189}.Release|Any CPU.Build.0 = Release|Any CPU
		{C400D1A6-5DC5-4A92-8DD0-FF272D0D1189}.Release|iPhone.ActiveCfg = Release|Any CPU
		{C400D1A6-5DC5-4A92-8DD0-FF272D0D1189}.Release|iPhone.Build.0 = Release|Any CPU
		{C400D1A6-5DC5-4A92-8DD0-FF272D0D1189}.Release|iPhoneSimulator.ActiveCfg = Release|Any CPU
		{C400D1A6-5DC5-4A92-8DD0-FF272D0D1189}.Release|iPhoneSimulator.Build.0 = Release|Any CPU
		{C400D1A6-5DC5-4A92-8DD0-FF272D0D1189}.UnitTests|Any CPU.ActiveCfg = Debug|Any CPU
		{C400D1A6-5DC5-4A92-8DD0-FF272D0D1189}.UnitTests|Any CPU.Build.0 = Debug|Any CPU
		{C400D1A6-5DC5-4A92-8DD0-FF272D0D1189}.Release.AdHoc|Any CPU.ActiveCfg = Debug|Any CPU
		{C400D1A6-5DC5-4A92-8DD0-FF272D0D1189}.Release.PlayStore|Any CPU.ActiveCfg = Debug|Any CPU
		{C400D1A6-5DC5-4A92-8DD0-FF272D0D1189}.Release.AdHoc.Giskard|Any CPU.ActiveCfg = Debug|Any CPU
		{C400D1A6-5DC5-4A92-8DD0-FF272D0D1189}.UITests|Any CPU.ActiveCfg = Debug|Any CPU
		{3A603451-31B2-4975-9366-3212BEA78F57}.ApiTests|Any CPU.ActiveCfg = Debug|Any CPU
		{3A603451-31B2-4975-9366-3212BEA78F57}.Debug|Any CPU.ActiveCfg = Debug|Any CPU
		{3A603451-31B2-4975-9366-3212BEA78F57}.Debug|Any CPU.Build.0 = Debug|Any CPU
		{3A603451-31B2-4975-9366-3212BEA78F57}.Debug|iPhone.ActiveCfg = Debug|Any CPU
		{3A603451-31B2-4975-9366-3212BEA78F57}.Debug|iPhone.Build.0 = Debug|Any CPU
		{3A603451-31B2-4975-9366-3212BEA78F57}.Debug|iPhoneSimulator.ActiveCfg = Debug|Any CPU
		{3A603451-31B2-4975-9366-3212BEA78F57}.Debug|iPhoneSimulator.Build.0 = Debug|Any CPU
		{3A603451-31B2-4975-9366-3212BEA78F57}.Release.AppStore|Any CPU.ActiveCfg = Release|Any CPU
		{3A603451-31B2-4975-9366-3212BEA78F57}.Release.AppStore|Any CPU.Build.0 = Release|Any CPU
		{3A603451-31B2-4975-9366-3212BEA78F57}.Release|Any CPU.ActiveCfg = Release|Any CPU
		{3A603451-31B2-4975-9366-3212BEA78F57}.Release|Any CPU.Build.0 = Release|Any CPU
		{3A603451-31B2-4975-9366-3212BEA78F57}.Release|iPhone.ActiveCfg = Release|Any CPU
		{3A603451-31B2-4975-9366-3212BEA78F57}.Release|iPhone.Build.0 = Release|Any CPU
		{3A603451-31B2-4975-9366-3212BEA78F57}.Release|iPhoneSimulator.ActiveCfg = Release|Any CPU
		{3A603451-31B2-4975-9366-3212BEA78F57}.Release|iPhoneSimulator.Build.0 = Release|Any CPU
		{3A603451-31B2-4975-9366-3212BEA78F57}.UnitTests|Any CPU.ActiveCfg = Debug|Any CPU
		{3A603451-31B2-4975-9366-3212BEA78F57}.UnitTests|Any CPU.Build.0 = Debug|Any CPU
		{3A603451-31B2-4975-9366-3212BEA78F57}.Release.AdHoc|Any CPU.ActiveCfg = Release|Any CPU
		{3A603451-31B2-4975-9366-3212BEA78F57}.Release.AdHoc|Any CPU.Build.0 = Release|Any CPU
		{3A603451-31B2-4975-9366-3212BEA78F57}.Release.PlayStore|Any CPU.ActiveCfg = Release|Any CPU
		{3A603451-31B2-4975-9366-3212BEA78F57}.Release.PlayStore|Any CPU.Build.0 = Release|Any CPU
		{3A603451-31B2-4975-9366-3212BEA78F57}.Release.AdHoc.Giskard|Any CPU.ActiveCfg = Release|Any CPU
		{3A603451-31B2-4975-9366-3212BEA78F57}.Release.AdHoc.Giskard|Any CPU.Build.0 = Release|Any CPU
		{3A603451-31B2-4975-9366-3212BEA78F57}.UITests|Any CPU.ActiveCfg = Release|Any CPU
		{3A603451-31B2-4975-9366-3212BEA78F57}.UITests|Any CPU.Build.0 = Release|Any CPU
		{7716BCE9-A3D4-4359-A02E-94380BDF83C7}.ApiTests|Any CPU.ActiveCfg = Debug|Any CPU
		{7716BCE9-A3D4-4359-A02E-94380BDF83C7}.Debug|Any CPU.ActiveCfg = Debug|Any CPU
		{7716BCE9-A3D4-4359-A02E-94380BDF83C7}.Debug|Any CPU.Build.0 = Debug|Any CPU
		{7716BCE9-A3D4-4359-A02E-94380BDF83C7}.Debug|iPhone.ActiveCfg = Debug|Any CPU
		{7716BCE9-A3D4-4359-A02E-94380BDF83C7}.Debug|iPhone.Build.0 = Debug|Any CPU
		{7716BCE9-A3D4-4359-A02E-94380BDF83C7}.Debug|iPhoneSimulator.ActiveCfg = Debug|Any CPU
		{7716BCE9-A3D4-4359-A02E-94380BDF83C7}.Debug|iPhoneSimulator.Build.0 = Debug|Any CPU
		{7716BCE9-A3D4-4359-A02E-94380BDF83C7}.Release.AppStore|Any CPU.ActiveCfg = Release|Any CPU
		{7716BCE9-A3D4-4359-A02E-94380BDF83C7}.Release.AppStore|Any CPU.Build.0 = Release|Any CPU
		{7716BCE9-A3D4-4359-A02E-94380BDF83C7}.Release|Any CPU.ActiveCfg = Release|Any CPU
		{7716BCE9-A3D4-4359-A02E-94380BDF83C7}.Release|Any CPU.Build.0 = Release|Any CPU
		{7716BCE9-A3D4-4359-A02E-94380BDF83C7}.Release|iPhone.ActiveCfg = Release|Any CPU
		{7716BCE9-A3D4-4359-A02E-94380BDF83C7}.Release|iPhone.Build.0 = Release|Any CPU
		{7716BCE9-A3D4-4359-A02E-94380BDF83C7}.Release|iPhoneSimulator.ActiveCfg = Release|Any CPU
		{7716BCE9-A3D4-4359-A02E-94380BDF83C7}.Release|iPhoneSimulator.Build.0 = Release|Any CPU
		{7716BCE9-A3D4-4359-A02E-94380BDF83C7}.UnitTests|Any CPU.ActiveCfg = Debug|Any CPU
		{7716BCE9-A3D4-4359-A02E-94380BDF83C7}.UnitTests|Any CPU.Build.0 = Debug|Any CPU
		{7716BCE9-A3D4-4359-A02E-94380BDF83C7}.Release.AdHoc|Any CPU.ActiveCfg = Release|Any CPU
		{7716BCE9-A3D4-4359-A02E-94380BDF83C7}.Release.AdHoc|Any CPU.Build.0 = Release|Any CPU
		{7716BCE9-A3D4-4359-A02E-94380BDF83C7}.Release.PlayStore|Any CPU.ActiveCfg = Release|Any CPU
		{7716BCE9-A3D4-4359-A02E-94380BDF83C7}.Release.PlayStore|Any CPU.Build.0 = Release|Any CPU
		{7716BCE9-A3D4-4359-A02E-94380BDF83C7}.Release.AdHoc.Giskard|Any CPU.ActiveCfg = Release|Any CPU
		{7716BCE9-A3D4-4359-A02E-94380BDF83C7}.Release.AdHoc.Giskard|Any CPU.Build.0 = Release|Any CPU
		{7716BCE9-A3D4-4359-A02E-94380BDF83C7}.UITests|Any CPU.ActiveCfg = Release|Any CPU
		{7716BCE9-A3D4-4359-A02E-94380BDF83C7}.UITests|Any CPU.Build.0 = Release|Any CPU
		{80155A57-5BAF-4CF0-93CA-B9E99BA95E9F}.ApiTests|Any CPU.ActiveCfg = Debug|Any CPU
		{80155A57-5BAF-4CF0-93CA-B9E99BA95E9F}.Debug|Any CPU.ActiveCfg = Debug|Any CPU
		{80155A57-5BAF-4CF0-93CA-B9E99BA95E9F}.Debug|Any CPU.Build.0 = Debug|Any CPU
		{80155A57-5BAF-4CF0-93CA-B9E99BA95E9F}.Debug|iPhone.ActiveCfg = Debug|Any CPU
		{80155A57-5BAF-4CF0-93CA-B9E99BA95E9F}.Debug|iPhone.Build.0 = Debug|Any CPU
		{80155A57-5BAF-4CF0-93CA-B9E99BA95E9F}.Debug|iPhoneSimulator.ActiveCfg = Debug|Any CPU
		{80155A57-5BAF-4CF0-93CA-B9E99BA95E9F}.Debug|iPhoneSimulator.Build.0 = Debug|Any CPU
		{80155A57-5BAF-4CF0-93CA-B9E99BA95E9F}.Release.AppStore|Any CPU.ActiveCfg = Release|Any CPU
		{80155A57-5BAF-4CF0-93CA-B9E99BA95E9F}.Release|Any CPU.ActiveCfg = Release|Any CPU
		{80155A57-5BAF-4CF0-93CA-B9E99BA95E9F}.Release|Any CPU.Build.0 = Release|Any CPU
		{80155A57-5BAF-4CF0-93CA-B9E99BA95E9F}.Release|iPhone.ActiveCfg = Release|Any CPU
		{80155A57-5BAF-4CF0-93CA-B9E99BA95E9F}.Release|iPhone.Build.0 = Release|Any CPU
		{80155A57-5BAF-4CF0-93CA-B9E99BA95E9F}.Release|iPhoneSimulator.ActiveCfg = Release|Any CPU
		{80155A57-5BAF-4CF0-93CA-B9E99BA95E9F}.Release|iPhoneSimulator.Build.0 = Release|Any CPU
		{80155A57-5BAF-4CF0-93CA-B9E99BA95E9F}.UnitTests|Any CPU.ActiveCfg = Debug|Any CPU
		{80155A57-5BAF-4CF0-93CA-B9E99BA95E9F}.UnitTests|Any CPU.Build.0 = Debug|Any CPU
		{80155A57-5BAF-4CF0-93CA-B9E99BA95E9F}.Release.AdHoc|Any CPU.ActiveCfg = Debug|Any CPU
		{80155A57-5BAF-4CF0-93CA-B9E99BA95E9F}.Release.PlayStore|Any CPU.ActiveCfg = Debug|Any CPU
		{80155A57-5BAF-4CF0-93CA-B9E99BA95E9F}.Release.AdHoc.Giskard|Any CPU.ActiveCfg = Debug|Any CPU
		{80155A57-5BAF-4CF0-93CA-B9E99BA95E9F}.UITests|Any CPU.ActiveCfg = Debug|Any CPU
		{09D75C0B-3367-4678-97EF-6EADE64AF09C}.ApiTests|Any CPU.ActiveCfg = Debug|Any CPU
		{09D75C0B-3367-4678-97EF-6EADE64AF09C}.Debug|Any CPU.ActiveCfg = Debug|Any CPU
		{09D75C0B-3367-4678-97EF-6EADE64AF09C}.Debug|Any CPU.Build.0 = Debug|Any CPU
		{09D75C0B-3367-4678-97EF-6EADE64AF09C}.Debug|iPhone.ActiveCfg = Debug|Any CPU
		{09D75C0B-3367-4678-97EF-6EADE64AF09C}.Debug|iPhone.Build.0 = Debug|Any CPU
		{09D75C0B-3367-4678-97EF-6EADE64AF09C}.Debug|iPhoneSimulator.ActiveCfg = Debug|Any CPU
		{09D75C0B-3367-4678-97EF-6EADE64AF09C}.Debug|iPhoneSimulator.Build.0 = Debug|Any CPU
		{09D75C0B-3367-4678-97EF-6EADE64AF09C}.Release.AppStore|Any CPU.ActiveCfg = Release|Any CPU
		{09D75C0B-3367-4678-97EF-6EADE64AF09C}.Release.AppStore|Any CPU.Build.0 = Release|Any CPU
		{09D75C0B-3367-4678-97EF-6EADE64AF09C}.Release|Any CPU.ActiveCfg = Release|Any CPU
		{09D75C0B-3367-4678-97EF-6EADE64AF09C}.Release|Any CPU.Build.0 = Release|Any CPU
		{09D75C0B-3367-4678-97EF-6EADE64AF09C}.Release|iPhone.ActiveCfg = Release|Any CPU
		{09D75C0B-3367-4678-97EF-6EADE64AF09C}.Release|iPhone.Build.0 = Release|Any CPU
		{09D75C0B-3367-4678-97EF-6EADE64AF09C}.Release|iPhoneSimulator.ActiveCfg = Release|Any CPU
		{09D75C0B-3367-4678-97EF-6EADE64AF09C}.Release|iPhoneSimulator.Build.0 = Release|Any CPU
		{09D75C0B-3367-4678-97EF-6EADE64AF09C}.UnitTests|Any CPU.ActiveCfg = Debug|Any CPU
		{09D75C0B-3367-4678-97EF-6EADE64AF09C}.UnitTests|Any CPU.Build.0 = Debug|Any CPU
		{09D75C0B-3367-4678-97EF-6EADE64AF09C}.Release.AdHoc|Any CPU.ActiveCfg = Release|Any CPU
		{09D75C0B-3367-4678-97EF-6EADE64AF09C}.Release.AdHoc|Any CPU.Build.0 = Release|Any CPU
		{09D75C0B-3367-4678-97EF-6EADE64AF09C}.Release.PlayStore|Any CPU.ActiveCfg = Release|Any CPU
		{09D75C0B-3367-4678-97EF-6EADE64AF09C}.Release.PlayStore|Any CPU.Build.0 = Release|Any CPU
		{09D75C0B-3367-4678-97EF-6EADE64AF09C}.Release.AdHoc.Giskard|Any CPU.ActiveCfg = Release|Any CPU
		{09D75C0B-3367-4678-97EF-6EADE64AF09C}.Release.AdHoc.Giskard|Any CPU.Build.0 = Release|Any CPU
		{09D75C0B-3367-4678-97EF-6EADE64AF09C}.UITests|Any CPU.ActiveCfg = Release|Any CPU
		{09D75C0B-3367-4678-97EF-6EADE64AF09C}.UITests|Any CPU.Build.0 = Release|Any CPU
		{CB2B0786-217F-455A-9349-0FC69468D3B6}.ApiTests|Any CPU.ActiveCfg = Debug|Any CPU
		{CB2B0786-217F-455A-9349-0FC69468D3B6}.Debug|Any CPU.ActiveCfg = Debug|Any CPU
		{CB2B0786-217F-455A-9349-0FC69468D3B6}.Debug|Any CPU.Build.0 = Debug|Any CPU
		{CB2B0786-217F-455A-9349-0FC69468D3B6}.Debug|iPhone.ActiveCfg = Debug|Any CPU
		{CB2B0786-217F-455A-9349-0FC69468D3B6}.Debug|iPhone.Build.0 = Debug|Any CPU
		{CB2B0786-217F-455A-9349-0FC69468D3B6}.Debug|iPhoneSimulator.ActiveCfg = Debug|Any CPU
		{CB2B0786-217F-455A-9349-0FC69468D3B6}.Debug|iPhoneSimulator.Build.0 = Debug|Any CPU
		{CB2B0786-217F-455A-9349-0FC69468D3B6}.Release.AppStore|Any CPU.ActiveCfg = Release|Any CPU
		{CB2B0786-217F-455A-9349-0FC69468D3B6}.Release.AppStore|Any CPU.Build.0 = Release|Any CPU
		{CB2B0786-217F-455A-9349-0FC69468D3B6}.Release|Any CPU.ActiveCfg = Release|Any CPU
		{CB2B0786-217F-455A-9349-0FC69468D3B6}.Release|Any CPU.Build.0 = Release|Any CPU
		{CB2B0786-217F-455A-9349-0FC69468D3B6}.Release|iPhone.ActiveCfg = Release|Any CPU
		{CB2B0786-217F-455A-9349-0FC69468D3B6}.Release|iPhone.Build.0 = Release|Any CPU
		{CB2B0786-217F-455A-9349-0FC69468D3B6}.Release|iPhoneSimulator.ActiveCfg = Release|Any CPU
		{CB2B0786-217F-455A-9349-0FC69468D3B6}.Release|iPhoneSimulator.Build.0 = Release|Any CPU
		{CB2B0786-217F-455A-9349-0FC69468D3B6}.UnitTests|Any CPU.ActiveCfg = Debug|Any CPU
		{CB2B0786-217F-455A-9349-0FC69468D3B6}.UnitTests|Any CPU.Build.0 = Debug|Any CPU
		{CB2B0786-217F-455A-9349-0FC69468D3B6}.Release.AdHoc|Any CPU.ActiveCfg = Release|Any CPU
		{CB2B0786-217F-455A-9349-0FC69468D3B6}.Release.AdHoc|Any CPU.Build.0 = Release|Any CPU
		{CB2B0786-217F-455A-9349-0FC69468D3B6}.Release.PlayStore|Any CPU.ActiveCfg = Release|Any CPU
		{CB2B0786-217F-455A-9349-0FC69468D3B6}.Release.PlayStore|Any CPU.Build.0 = Release|Any CPU
		{CB2B0786-217F-455A-9349-0FC69468D3B6}.Release.AdHoc.Giskard|Any CPU.ActiveCfg = Release|Any CPU
		{CB2B0786-217F-455A-9349-0FC69468D3B6}.Release.AdHoc.Giskard|Any CPU.Build.0 = Release|Any CPU
		{CB2B0786-217F-455A-9349-0FC69468D3B6}.UITests|Any CPU.ActiveCfg = Release|Any CPU
		{CB2B0786-217F-455A-9349-0FC69468D3B6}.UITests|Any CPU.Build.0 = Release|Any CPU
		{8E366E3C-7BE5-4962-9E0C-9094AE1FE2F4}.ApiTests|Any CPU.ActiveCfg = Debug|Any CPU
		{8E366E3C-7BE5-4962-9E0C-9094AE1FE2F4}.Debug|Any CPU.ActiveCfg = Debug|Any CPU
		{8E366E3C-7BE5-4962-9E0C-9094AE1FE2F4}.Debug|Any CPU.Build.0 = Debug|Any CPU
		{8E366E3C-7BE5-4962-9E0C-9094AE1FE2F4}.Debug|iPhone.ActiveCfg = Debug|Any CPU
		{8E366E3C-7BE5-4962-9E0C-9094AE1FE2F4}.Debug|iPhone.Build.0 = Debug|Any CPU
		{8E366E3C-7BE5-4962-9E0C-9094AE1FE2F4}.Debug|iPhoneSimulator.ActiveCfg = Debug|Any CPU
		{8E366E3C-7BE5-4962-9E0C-9094AE1FE2F4}.Debug|iPhoneSimulator.Build.0 = Debug|Any CPU
		{8E366E3C-7BE5-4962-9E0C-9094AE1FE2F4}.Release.AppStore|Any CPU.ActiveCfg = Release|Any CPU
		{8E366E3C-7BE5-4962-9E0C-9094AE1FE2F4}.Release|Any CPU.ActiveCfg = Release|Any CPU
		{8E366E3C-7BE5-4962-9E0C-9094AE1FE2F4}.Release|Any CPU.Build.0 = Release|Any CPU
		{8E366E3C-7BE5-4962-9E0C-9094AE1FE2F4}.Release|iPhone.ActiveCfg = Release|Any CPU
		{8E366E3C-7BE5-4962-9E0C-9094AE1FE2F4}.Release|iPhone.Build.0 = Release|Any CPU
		{8E366E3C-7BE5-4962-9E0C-9094AE1FE2F4}.Release|iPhoneSimulator.ActiveCfg = Release|Any CPU
		{8E366E3C-7BE5-4962-9E0C-9094AE1FE2F4}.Release|iPhoneSimulator.Build.0 = Release|Any CPU
		{8E366E3C-7BE5-4962-9E0C-9094AE1FE2F4}.UnitTests|Any CPU.ActiveCfg = Debug|Any CPU
		{8E366E3C-7BE5-4962-9E0C-9094AE1FE2F4}.UnitTests|Any CPU.Build.0 = Debug|Any CPU
		{8E366E3C-7BE5-4962-9E0C-9094AE1FE2F4}.Release.AdHoc|Any CPU.ActiveCfg = Debug|Any CPU
		{8E366E3C-7BE5-4962-9E0C-9094AE1FE2F4}.Release.PlayStore|Any CPU.ActiveCfg = Debug|Any CPU
		{8E366E3C-7BE5-4962-9E0C-9094AE1FE2F4}.Release.AdHoc.Giskard|Any CPU.ActiveCfg = Debug|Any CPU
		{8E366E3C-7BE5-4962-9E0C-9094AE1FE2F4}.UITests|Any CPU.ActiveCfg = Debug|Any CPU
		{CEB93402-CEAE-4D6F-8169-3ACA1F792DF4}.ApiTests|Any CPU.ActiveCfg = Debug|Any CPU
		{CEB93402-CEAE-4D6F-8169-3ACA1F792DF4}.Debug|Any CPU.ActiveCfg = Debug|Any CPU
		{CEB93402-CEAE-4D6F-8169-3ACA1F792DF4}.Debug|Any CPU.Build.0 = Debug|Any CPU
		{CEB93402-CEAE-4D6F-8169-3ACA1F792DF4}.Debug|iPhone.ActiveCfg = Debug|Any CPU
		{CEB93402-CEAE-4D6F-8169-3ACA1F792DF4}.Debug|iPhone.Build.0 = Debug|Any CPU
		{CEB93402-CEAE-4D6F-8169-3ACA1F792DF4}.Debug|iPhoneSimulator.ActiveCfg = Debug|Any CPU
		{CEB93402-CEAE-4D6F-8169-3ACA1F792DF4}.Debug|iPhoneSimulator.Build.0 = Debug|Any CPU
		{CEB93402-CEAE-4D6F-8169-3ACA1F792DF4}.Release.AppStore|Any CPU.ActiveCfg = Release|Any CPU
		{CEB93402-CEAE-4D6F-8169-3ACA1F792DF4}.Release|Any CPU.ActiveCfg = Release|Any CPU
		{CEB93402-CEAE-4D6F-8169-3ACA1F792DF4}.Release|Any CPU.Build.0 = Release|Any CPU
		{CEB93402-CEAE-4D6F-8169-3ACA1F792DF4}.Release|iPhone.ActiveCfg = Release|Any CPU
		{CEB93402-CEAE-4D6F-8169-3ACA1F792DF4}.Release|iPhone.Build.0 = Release|Any CPU
		{CEB93402-CEAE-4D6F-8169-3ACA1F792DF4}.Release|iPhoneSimulator.ActiveCfg = Release|Any CPU
		{CEB93402-CEAE-4D6F-8169-3ACA1F792DF4}.Release|iPhoneSimulator.Build.0 = Release|Any CPU
		{CEB93402-CEAE-4D6F-8169-3ACA1F792DF4}.UnitTests|Any CPU.ActiveCfg = Debug|Any CPU
		{CEB93402-CEAE-4D6F-8169-3ACA1F792DF4}.Release.AdHoc|Any CPU.ActiveCfg = Debug|Any CPU
		{CEB93402-CEAE-4D6F-8169-3ACA1F792DF4}.Release.PlayStore|Any CPU.ActiveCfg = Release.PlayStore|Any CPU
		{CEB93402-CEAE-4D6F-8169-3ACA1F792DF4}.Release.PlayStore|Any CPU.Build.0 = Release.PlayStore|Any CPU
		{CEB93402-CEAE-4D6F-8169-3ACA1F792DF4}.Release.AdHoc.Giskard|Any CPU.ActiveCfg = Release|Any CPU
		{CEB93402-CEAE-4D6F-8169-3ACA1F792DF4}.Release.AdHoc.Giskard|Any CPU.Build.0 = Release|Any CPU
		{CEB93402-CEAE-4D6F-8169-3ACA1F792DF4}.UITests|Any CPU.ActiveCfg = Release|Any CPU
		{CEB93402-CEAE-4D6F-8169-3ACA1F792DF4}.UITests|Any CPU.Build.0 = Release|Any CPU
		{95E279D3-026E-4E31-92D2-44F4ABA0F511}.ApiTests|Any CPU.ActiveCfg = Debug|Any CPU
		{95E279D3-026E-4E31-92D2-44F4ABA0F511}.Debug|Any CPU.ActiveCfg = Debug|Any CPU
		{95E279D3-026E-4E31-92D2-44F4ABA0F511}.Debug|Any CPU.Build.0 = Debug|Any CPU
		{95E279D3-026E-4E31-92D2-44F4ABA0F511}.Debug|iPhone.ActiveCfg = Debug|Any CPU
		{95E279D3-026E-4E31-92D2-44F4ABA0F511}.Debug|iPhone.Build.0 = Debug|Any CPU
		{95E279D3-026E-4E31-92D2-44F4ABA0F511}.Debug|iPhoneSimulator.ActiveCfg = Debug|Any CPU
		{95E279D3-026E-4E31-92D2-44F4ABA0F511}.Debug|iPhoneSimulator.Build.0 = Debug|Any CPU
		{95E279D3-026E-4E31-92D2-44F4ABA0F511}.Release.AppStore|Any CPU.ActiveCfg = Release|Any CPU
		{95E279D3-026E-4E31-92D2-44F4ABA0F511}.Release|Any CPU.ActiveCfg = Release|Any CPU
		{95E279D3-026E-4E31-92D2-44F4ABA0F511}.Release|Any CPU.Build.0 = Release|Any CPU
		{95E279D3-026E-4E31-92D2-44F4ABA0F511}.Release|iPhone.ActiveCfg = Release|Any CPU
		{95E279D3-026E-4E31-92D2-44F4ABA0F511}.Release|iPhone.Build.0 = Release|Any CPU
		{95E279D3-026E-4E31-92D2-44F4ABA0F511}.Release|iPhoneSimulator.ActiveCfg = Release|Any CPU
		{95E279D3-026E-4E31-92D2-44F4ABA0F511}.Release|iPhoneSimulator.Build.0 = Release|Any CPU
		{95E279D3-026E-4E31-92D2-44F4ABA0F511}.UnitTests|Any CPU.ActiveCfg = Debug|Any CPU
		{95E279D3-026E-4E31-92D2-44F4ABA0F511}.Release.AdHoc|Any CPU.ActiveCfg = Debug|Any CPU
		{95E279D3-026E-4E31-92D2-44F4ABA0F511}.Release.PlayStore|Any CPU.ActiveCfg = Debug|Any CPU
		{95E279D3-026E-4E31-92D2-44F4ABA0F511}.Release.AdHoc.Giskard|Any CPU.ActiveCfg = Debug|Any CPU
		{95E279D3-026E-4E31-92D2-44F4ABA0F511}.UITests|Any CPU.ActiveCfg = Release|Any CPU
		{95E279D3-026E-4E31-92D2-44F4ABA0F511}.UITests|Any CPU.Build.0 = Release|Any CPU
		{3098288F-5579-435C-94CC-311ACFEDA7F0}.ApiTests|Any CPU.ActiveCfg = Debug|Any CPU
		{3098288F-5579-435C-94CC-311ACFEDA7F0}.ApiTests|iPhone.ActiveCfg = Debug|Any CPU
		{3098288F-5579-435C-94CC-311ACFEDA7F0}.ApiTests|iPhone.Build.0 = Debug|Any CPU
		{3098288F-5579-435C-94CC-311ACFEDA7F0}.ApiTests|iPhoneSimulator.ActiveCfg = Debug|Any CPU
		{3098288F-5579-435C-94CC-311ACFEDA7F0}.ApiTests|iPhoneSimulator.Build.0 = Debug|Any CPU
		{3098288F-5579-435C-94CC-311ACFEDA7F0}.Debug|Any CPU.ActiveCfg = Debug|Any CPU
		{3098288F-5579-435C-94CC-311ACFEDA7F0}.Debug|Any CPU.Build.0 = Debug|Any CPU
		{3098288F-5579-435C-94CC-311ACFEDA7F0}.Debug|iPhone.ActiveCfg = Debug|Any CPU
		{3098288F-5579-435C-94CC-311ACFEDA7F0}.Debug|iPhone.Build.0 = Debug|Any CPU
		{3098288F-5579-435C-94CC-311ACFEDA7F0}.Debug|iPhoneSimulator.ActiveCfg = Debug|Any CPU
		{3098288F-5579-435C-94CC-311ACFEDA7F0}.Debug|iPhoneSimulator.Build.0 = Debug|Any CPU
		{3098288F-5579-435C-94CC-311ACFEDA7F0}.Release.AppStore|Any CPU.ActiveCfg = Release|Any CPU
		{3098288F-5579-435C-94CC-311ACFEDA7F0}.Release.AppStore|iPhone.ActiveCfg = Debug|Any CPU
		{3098288F-5579-435C-94CC-311ACFEDA7F0}.Release.AppStore|iPhone.Build.0 = Debug|Any CPU
		{3098288F-5579-435C-94CC-311ACFEDA7F0}.Release.AppStore|iPhoneSimulator.ActiveCfg = Debug|Any CPU
		{3098288F-5579-435C-94CC-311ACFEDA7F0}.Release.AppStore|iPhoneSimulator.Build.0 = Debug|Any CPU
		{3098288F-5579-435C-94CC-311ACFEDA7F0}.Release|Any CPU.ActiveCfg = Release|Any CPU
		{3098288F-5579-435C-94CC-311ACFEDA7F0}.Release|Any CPU.Build.0 = Release|Any CPU
		{3098288F-5579-435C-94CC-311ACFEDA7F0}.Release|iPhone.ActiveCfg = Release|Any CPU
		{3098288F-5579-435C-94CC-311ACFEDA7F0}.Release|iPhone.Build.0 = Release|Any CPU
		{3098288F-5579-435C-94CC-311ACFEDA7F0}.Release|iPhoneSimulator.ActiveCfg = Release|Any CPU
		{3098288F-5579-435C-94CC-311ACFEDA7F0}.Release|iPhoneSimulator.Build.0 = Release|Any CPU
		{3098288F-5579-435C-94CC-311ACFEDA7F0}.UnitTests|Any CPU.ActiveCfg = Debug|Any CPU
		{3098288F-5579-435C-94CC-311ACFEDA7F0}.UnitTests|Any CPU.Build.0 = Debug|Any CPU
		{3098288F-5579-435C-94CC-311ACFEDA7F0}.UnitTests|iPhone.ActiveCfg = Debug|Any CPU
		{3098288F-5579-435C-94CC-311ACFEDA7F0}.UnitTests|iPhone.Build.0 = Debug|Any CPU
		{3098288F-5579-435C-94CC-311ACFEDA7F0}.UnitTests|iPhoneSimulator.ActiveCfg = Debug|Any CPU
		{3098288F-5579-435C-94CC-311ACFEDA7F0}.UnitTests|iPhoneSimulator.Build.0 = Debug|Any CPU
		{3098288F-5579-435C-94CC-311ACFEDA7F0}.Release.AdHoc|Any CPU.ActiveCfg = Debug|Any CPU
		{3098288F-5579-435C-94CC-311ACFEDA7F0}.Release.PlayStore|Any CPU.ActiveCfg = Debug|Any CPU
		{3098288F-5579-435C-94CC-311ACFEDA7F0}.Release.AdHoc.Giskard|Any CPU.ActiveCfg = Debug|Any CPU
		{3098288F-5579-435C-94CC-311ACFEDA7F0}.UITests|Any CPU.ActiveCfg = Debug|Any CPU
		{D8346459-DE6B-4511-8697-3B35D35F1E90}.ApiTests|Any CPU.ActiveCfg = Debug|iPhoneSimulator
		{D8346459-DE6B-4511-8697-3B35D35F1E90}.ApiTests|iPhone.ActiveCfg = Release|iPhone
		{D8346459-DE6B-4511-8697-3B35D35F1E90}.ApiTests|iPhone.Build.0 = Release|iPhone
		{D8346459-DE6B-4511-8697-3B35D35F1E90}.ApiTests|iPhoneSimulator.ActiveCfg = Debug|iPhoneSimulator
		{D8346459-DE6B-4511-8697-3B35D35F1E90}.ApiTests|iPhoneSimulator.Build.0 = Debug|iPhoneSimulator
		{D8346459-DE6B-4511-8697-3B35D35F1E90}.Debug|Any CPU.ActiveCfg = Debug|iPhoneSimulator
		{D8346459-DE6B-4511-8697-3B35D35F1E90}.Debug|Any CPU.Build.0 = Debug|iPhoneSimulator
		{D8346459-DE6B-4511-8697-3B35D35F1E90}.Debug|iPhone.ActiveCfg = Debug|iPhone
		{D8346459-DE6B-4511-8697-3B35D35F1E90}.Debug|iPhone.Build.0 = Debug|iPhone
		{D8346459-DE6B-4511-8697-3B35D35F1E90}.Debug|iPhoneSimulator.ActiveCfg = Debug|iPhoneSimulator
		{D8346459-DE6B-4511-8697-3B35D35F1E90}.Debug|iPhoneSimulator.Build.0 = Debug|iPhoneSimulator
		{D8346459-DE6B-4511-8697-3B35D35F1E90}.Release.AppStore|Any CPU.ActiveCfg = Debug|iPhoneSimulator
		{D8346459-DE6B-4511-8697-3B35D35F1E90}.Release.AppStore|iPhone.ActiveCfg = Release|iPhone
		{D8346459-DE6B-4511-8697-3B35D35F1E90}.Release.AppStore|iPhone.Build.0 = Release|iPhone
		{D8346459-DE6B-4511-8697-3B35D35F1E90}.Release.AppStore|iPhoneSimulator.ActiveCfg = Debug|iPhoneSimulator
		{D8346459-DE6B-4511-8697-3B35D35F1E90}.Release.AppStore|iPhoneSimulator.Build.0 = Debug|iPhoneSimulator
		{D8346459-DE6B-4511-8697-3B35D35F1E90}.Release|Any CPU.ActiveCfg = Release|iPhone
		{D8346459-DE6B-4511-8697-3B35D35F1E90}.Release|Any CPU.Build.0 = Release|iPhone
		{D8346459-DE6B-4511-8697-3B35D35F1E90}.Release|iPhone.ActiveCfg = Release|iPhone
		{D8346459-DE6B-4511-8697-3B35D35F1E90}.Release|iPhone.Build.0 = Release|iPhone
		{D8346459-DE6B-4511-8697-3B35D35F1E90}.Release|iPhoneSimulator.ActiveCfg = Release|iPhoneSimulator
		{D8346459-DE6B-4511-8697-3B35D35F1E90}.Release|iPhoneSimulator.Build.0 = Release|iPhoneSimulator
		{D8346459-DE6B-4511-8697-3B35D35F1E90}.UnitTests|Any CPU.ActiveCfg = Debug|iPhoneSimulator
		{D8346459-DE6B-4511-8697-3B35D35F1E90}.UnitTests|Any CPU.Build.0 = Debug|iPhoneSimulator
		{D8346459-DE6B-4511-8697-3B35D35F1E90}.UnitTests|iPhone.ActiveCfg = Release|iPhone
		{D8346459-DE6B-4511-8697-3B35D35F1E90}.UnitTests|iPhone.Build.0 = Release|iPhone
		{D8346459-DE6B-4511-8697-3B35D35F1E90}.UnitTests|iPhoneSimulator.ActiveCfg = Debug|iPhoneSimulator
		{D8346459-DE6B-4511-8697-3B35D35F1E90}.UnitTests|iPhoneSimulator.Build.0 = Debug|iPhoneSimulator
		{D8346459-DE6B-4511-8697-3B35D35F1E90}.Release.AdHoc|Any CPU.ActiveCfg = Debug|iPhoneSimulator
		{D8346459-DE6B-4511-8697-3B35D35F1E90}.Release.PlayStore|Any CPU.ActiveCfg = Debug|iPhoneSimulator
		{D8346459-DE6B-4511-8697-3B35D35F1E90}.Release.AdHoc.Giskard|Any CPU.ActiveCfg = Debug|iPhoneSimulator
		{D8346459-DE6B-4511-8697-3B35D35F1E90}.UITests|Any CPU.ActiveCfg = Debug|iPhoneSimulator
	EndGlobalSection
	GlobalSection(SolutionProperties) = preSolution
		HideSolutionNode = FALSE
	EndGlobalSection
	GlobalSection(NestedProjects) = preSolution
		{8CE4E64C-5719-4660-96AC-CF2ABA3A335E} = {4796CD10-F5B5-4843-AD7A-2691438E5A6C}
		{C23A5DDD-D0EA-4198-88A0-89A43EBF67B6} = {4796CD10-F5B5-4843-AD7A-2691438E5A6C}
		{6AF7BE5E-AF9D-4EA7-AF7F-28D07B8DEF24} = {128F799A-3060-4D72-9F14-93620F25E5E3}
		{E90E4D61-D55E-4185-AE9E-C8977140694A} = {128F799A-3060-4D72-9F14-93620F25E5E3}
		{5ACEB155-9DD4-4309-BCC9-997A09950393} = {0BA4407E-0470-4496-A80B-DE311A40A385}
		{8598D5CB-4E3A-4F99-8E80-CC4EA8609ED8} = {0BA4407E-0470-4496-A80B-DE311A40A385}
		{C400D1A6-5DC5-4A92-8DD0-FF272D0D1189} = {0BA4407E-0470-4496-A80B-DE311A40A385}
		{3A603451-31B2-4975-9366-3212BEA78F57} = {F8D36062-5AD3-4F2D-8E64-9ACB91C0BB50}
		{7716BCE9-A3D4-4359-A02E-94380BDF83C7} = {F8D36062-5AD3-4F2D-8E64-9ACB91C0BB50}
		{80155A57-5BAF-4CF0-93CA-B9E99BA95E9F} = {F8D36062-5AD3-4F2D-8E64-9ACB91C0BB50}
		{09D75C0B-3367-4678-97EF-6EADE64AF09C} = {B55DCFC1-9EA2-4289-B3EE-8979E0A9AB2E}
		{CB2B0786-217F-455A-9349-0FC69468D3B6} = {B55DCFC1-9EA2-4289-B3EE-8979E0A9AB2E}
		{8E366E3C-7BE5-4962-9E0C-9094AE1FE2F4} = {B55DCFC1-9EA2-4289-B3EE-8979E0A9AB2E}
		{9DC2721A-9A49-46FA-99A4-B004360A2008} = {C77C5963-4D3C-4B6A-BA94-F707B2069D89}
		{CEB93402-CEAE-4D6F-8169-3ACA1F792DF4} = {707BB64D-7A0C-46D0-BFC3-CC64D708FEBA}
		{95E279D3-026E-4E31-92D2-44F4ABA0F511} = {707BB64D-7A0C-46D0-BFC3-CC64D708FEBA}
		{3098288F-5579-435C-94CC-311ACFEDA7F0} = {707BB64D-7A0C-46D0-BFC3-CC64D708FEBA}
		{D8346459-DE6B-4511-8697-3B35D35F1E90} = {4796CD10-F5B5-4843-AD7A-2691438E5A6C}
	EndGlobalSection
EndGlobal
